// !$*UTF8*$!
{
	archiveVersion = 1;
	classes = {
	};
	objectVersion = 46;
	objects = {

/* Begin PBXAggregateTarget section */
		0FCDE97DDF3D3ECB2073E102 /* EPIANO - All */ = {
			isa = PBXAggregateTarget;
			buildConfigurationList = 4009FECAD644078A2AD3A229;
			buildPhases = (
			);
			dependencies = (
				DC189F9792E3A43245E1E257,
			);
			name = "EPIANO - All";
			productName = EPIANO;
		};
/* End PBXAggregateTarget section */

/* Begin PBXBuildFile section */
		0196511A428DF285CF06BB38 /* include_hi_snex_33.cpp */ = {isa = PBXBuildFile; fileRef = E444D7068E32FBCFA35ED7BF; };
		01D0C1DAAD940995CAC5D028 /* include_juce_audio_utils.mm */ = {isa = PBXBuildFile; fileRef = 647159B0465CCBBE3E8E73B2; };
		02A4CC6905F7ED23254E09C3 /* include_hi_snex_19.cpp */ = {isa = PBXBuildFile; fileRef = A72ECE200DA0DA43B53E3009; };
		03DD8B174E3A70B6DC769FD0 /* include_hi_snex_39.cpp */ = {isa = PBXBuildFile; fileRef = F2FE2295E70D792BDB357CEB; };
		05181A991B9D5BC3C348F9A5 /* include_hi_rlottie_32.cpp */ = {isa = PBXBuildFile; fileRef = 7CD41B8451696DA162C6A64C; };
		07BD31E5419074544102FAC4 /* include_hi_rlottie_2.cpp */ = {isa = PBXBuildFile; fileRef = ABC7F5424B8D214F329D55F9; };
		0914A7E90F650B759DC2C462 /* include_hi_zstd_3.mm */ = {isa = PBXBuildFile; fileRef = E518CE6FBF048E3D862DDB3D; };
		0AA94FBF1261F1123F85D0BF /* include_hi_modules_02.cpp */ = {isa = PBXBuildFile; fileRef = 819211C0A5C114BF95F0A253; };
		0BFB73792CC60E197FCE7C48 /* Samples */ = {isa = PBXBuildFile; fileRef = 4BD609C83134642CC0C98A3C; };
		0C1883E0386F6EFC9FAD9D6D /* include_juce_gui_extra.mm */ = {isa = PBXBuildFile; fileRef = AE03F30D3DDF6DE38783243A; };
		0CB90D4FD06F795079CB1EE5 /* include_hi_rlottie_5.cpp */ = {isa = PBXBuildFile; fileRef = 801CA7BDD875B688D16FB883; };
		0D0972D55105DB84AA7E7B54 /* include_hi_rlottie_16.cpp */ = {isa = PBXBuildFile; fileRef = 921F3278E44E673709B2246D; };
		0D474C89D479FE2FB8267174 /* include_hi_modules_03.cpp */ = {isa = PBXBuildFile; fileRef = 41A65324D6FE8FB906F5BDDF; };
		0D62E1212AE7358D4AA6EBD1 /* CoreImage.framework */ = {isa = PBXBuildFile; fileRef = 447C7CD95DEA77C2BDD714CF; };
		0DF576835017E99B56E4C3D9 /* include_hi_rlottie_8.cpp */ = {isa = PBXBuildFile; fileRef = FB554A1369836E24661D7F49; };
		0EB5B728E229CE5E08167AA1 /* CopyProtection.cpp */ = {isa = PBXBuildFile; fileRef = A17477BAF36B2E5E9B2D7BE8; };
		0F01AFB4DBD10BB60AEE5EE7 /* include_hi_rlottie_26.cpp */ = {isa = PBXBuildFile; fileRef = C5C179F9AA20D4B17CFE229E; };
		118BD994D3E120DDA5E5BB8B /* include_hi_snex_09.cpp */ = {isa = PBXBuildFile; fileRef = 7DFA8F4970A4452DD92678F8; };
		143E03F0F93DF9E922638E64 /* CoreServices.framework */ = {isa = PBXBuildFile; fileRef = 0BFA09C29E1D0C2B4882FF80; };
		1735C73577EBAAAC9F01E874 /* include_juce_audio_devices.mm */ = {isa = PBXBuildFile; fileRef = C58D1930D21FECF04A191BE0; };
		17853BE86D31E9B380F95FAB /* include_hi_rlottie_13.cpp */ = {isa = PBXBuildFile; fileRef = 24801827A1F3C4DAE76EB377; };
		18B2AC2B8273F557C5F6B6B7 /* include_hi_snex_06.cpp */ = {isa = PBXBuildFile; fileRef = 63E574C44862C6F23B071EB6; };
		19503F711BC31FAABB29CE8A /* include_hi_snex_08.cpp */ = {isa = PBXBuildFile; fileRef = 47C71DE00544E651FA76A07A; };
		20E6E5E0278D8B2B489600A3 /* include_hi_rlottie_20.cpp */ = {isa = PBXBuildFile; fileRef = DA0235BDF5F90E398D81C375; };
		21956C1C387C2304D75BFDCE /* include_hi_snex_14.cpp */ = {isa = PBXBuildFile; fileRef = 1493D2B0B613836B02CB7126; };
		23BC3C1505A1FC401082658C /* include_hi_snex_35.cpp */ = {isa = PBXBuildFile; fileRef = 697F67F26AF0B276F2C6DE7D; };
		23C45FC211ED5EE031EC95A9 /* include_hi_scripting_04.cpp */ = {isa = PBXBuildFile; fileRef = 7E4E48F744680F2236EF6AEF; };
		25C26775B97CB0336FD51558 /* Foundation.framework */ = {isa = PBXBuildFile; fileRef = 0EC83235E71123090955BCC7; };
		273ADCE28880B64BCDD75A3B /* Accelerate.framework */ = {isa = PBXBuildFile; fileRef = 531785A6A29618724B8D7BB2; };
		2A4CD3AA99AB4D7E21B220B0 /* include_hi_rlottie_19.cpp */ = {isa = PBXBuildFile; fileRef = 915E86F81E087A38E351A858; };
		2AD6869B73E2C52E560990A5 /* include_hi_zstd_2.mm */ = {isa = PBXBuildFile; fileRef = D06AFA798FFD3991C9259208; };
		2B4853A415B1566F08D80C97 /* include_hi_rlottie_9.cpp */ = {isa = PBXBuildFile; fileRef = 8F2E2B7F5F006F0B1F1675D3; };
		2B67C111748D368C823BC5E5 /* include_hi_rlottie_24.cpp */ = {isa = PBXBuildFile; fileRef = 73F096A409E9A8157F7491DA; };
		2EE7357AC5C35D5B5A95FFF0 /* Images.xcassets */ = {isa = PBXBuildFile; fileRef = 8E2322DC8A2F9D54FD0D1A6E; };
		3007544D973A8C1CE78E184B /* include_hi_snex_31.cpp */ = {isa = PBXBuildFile; fileRef = 9421D651EB72047A7F12C1A9; };
		31FACF23FE1DC54F302F4FC8 /* include_hi_snex_40.cpp */ = {isa = PBXBuildFile; fileRef = 98995D2A48400EB4746E0364; };
		37CF14482BAF1861D866FD97 /* include_hi_rlottie_17.cpp */ = {isa = PBXBuildFile; fileRef = B79B1E87E8897CBC6157AF9B; };
		3CD6F8D42AD9BD61C393F3DF /* include_hi_snex_15.cpp */ = {isa = PBXBuildFile; fileRef = 0B1E442EEBF0FE552E75F40A; };
		3FD62A8CC539B3E938B6703C /* include_hi_snex_27.cpp */ = {isa = PBXBuildFile; fileRef = 0C2A910FDA578753DF79A05B; };
		407B0690AAC9FEF78E960262 /* include_hi_rlottie_3.cpp */ = {isa = PBXBuildFile; fileRef = 4DAF547951BD61B9DB3D5FEC; };
		409105B6A42987AB9C4D197C /* include_hi_modules_06.cpp */ = {isa = PBXBuildFile; fileRef = 41C577AB7C87F5A49E5C1004; };
		41437E962D9640CDBC62DEB3 /* include_juce_audio_processors.mm */ = {isa = PBXBuildFile; fileRef = A62E3C88FB4ADE81F786E53E; };
		42746BCBA1D52BFE2030CECC /* include_juce_gui_basics.mm */ = {isa = PBXBuildFile; fileRef = E26F468ADDD684BFEB0CE3A4; };
		45732CC6EA3A822F264155E9 /* PresetData.cpp */ = {isa = PBXBuildFile; fileRef = 2AF52B3774EB3E0F56F38808; };
		486D9252106CFA2465B1C2D5 /* include_hi_snex_38.cpp */ = {isa = PBXBuildFile; fileRef = F323D8034ABEC5CDF8F7E7A3; };
		49267F0A8F757B11FDACEC20 /* include_hi_snex_41.cpp */ = {isa = PBXBuildFile; fileRef = C44A0C907D4BD3F997127022; };
		498F9A80ABF46839F9E5A55C /* include_juce_audio_formats.mm */ = {isa = PBXBuildFile; fileRef = 0D2EFE1542E356C50B14B373; };
		49BD86765415AD1A4C823A95 /* include_hi_rlottie_23.cpp */ = {isa = PBXBuildFile; fileRef = 678CA7A6818139C85B5DC227; };
		4B4D12A792DAA14AF1CF4C7F /* include_hi_scripting_03.cpp */ = {isa = PBXBuildFile; fileRef = FD08AA421411AB985BC16551; };
		4C155EE5EE2BDDF02F0F8F4F /* include_hi_rlottie_33.cpp */ = {isa = PBXBuildFile; fileRef = 2B5237C36D603612699E6572; };
		4D164F98F5FAE91FF3C2DB22 /* include_hi_zstd_1.mm */ = {isa = PBXBuildFile; fileRef = B1C56A4DFEDFB0AA55F19DA4; };
		4DB0336B33B7365F2F49DE0C /* include_hi_rlottie_1.cpp */ = {isa = PBXBuildFile; fileRef = 29B4FB80720574D5372C81AA; };
		500E342830338B3B8D0712A5 /* include_hi_dsp_library_02.cpp */ = {isa = PBXBuildFile; fileRef = 3009CDFB44C0325859745807; };
		527747F92D71199B4AED9ECF /* include_juce_core.mm */ = {isa = PBXBuildFile; fileRef = BB0EF718388A4D5B9F9DCFB6; };
		57EADE5CEDD24AB7E8CD4F7E /* UserPresets */ = {isa = PBXBuildFile; fileRef = 47E173AF54FF82BF01BAA01A; };
		59BE3AAAB9036FA115BFC833 /* include_hi_dsp_library_01.cpp */ = {isa = PBXBuildFile; fileRef = 48D4D95423CA86F1E8E2FE7B; };
		5C897A42996DB60AD8C52D29 /* include_hi_rlottie_30.cpp */ = {isa = PBXBuildFile; fileRef = 3E80646A62CF0D4E399D4A76; };
		5DF58D4641C58322C1AE8D20 /* include_juce_product_unlocking.mm */ = {isa = PBXBuildFile; fileRef = 3B91525390C93A2DB31B6CD2; };
		610AF82776C09D018F80A08D /* CoreAudio.framework */ = {isa = PBXBuildFile; fileRef = E085221B3BA2FDE467A5CE71; };
		622202D34454F85F9FEEAC4B /* include_juce_audio_plugin_client_VST_utils.mm */ = {isa = PBXBuildFile; fileRef = 7E3806CD67091D086143BE16; };
		637BAF78A2087C2FD026E80D /* include_hi_rlottie_12.cpp */ = {isa = PBXBuildFile; fileRef = 633BEC65618EB8B75DEA4E20; };
		64C9E336B284177688F17ABF /* include_hi_snex_36.cpp */ = {isa = PBXBuildFile; fileRef = 33F396CB33D8466EA175C7F6; };
		6523DC3F338BD8DA20399F13 /* include_hi_snex_37.cpp */ = {isa = PBXBuildFile; fileRef = 256C1FDD8E11AEDC4A7B1610; };
		6A02374A0F193EB4DD9B4CB0 /* include_hi_snex_02.cpp */ = {isa = PBXBuildFile; fileRef = B39E86FFC8FAB031B2374DF5; };
		6BE22DD3BB6345981C8B5D9A /* include_hi_rlottie_27.cpp */ = {isa = PBXBuildFile; fileRef = 716ACF797A44DD8FC358CB49; };
		6F4ABEA5B04BD6198554872D /* OpenGLES.framework */ = {isa = PBXBuildFile; fileRef = 881768CA4C77AA5AD640F2A2; };
		76999D9CBF8CA46FDBC4C3B7 /* Shared Code */ = {isa = PBXBuildFile; fileRef = 9A652DEAE16BC685DA21D386; };
		776D4775BBCD117EF3770277 /* include_hi_snex_30.cpp */ = {isa = PBXBuildFile; fileRef = 030D189F7C305A01D9D5A969; };
		7D39790B28D5F3F1475A84B9 /* include_hi_rlottie_34.cpp */ = {isa = PBXBuildFile; fileRef = 10C625011C34E6407AAC3A24; };
		7D40A49EF71D39B407FDBDDA /* include_hi_rlottie_14.cpp */ = {isa = PBXBuildFile; fileRef = DE80E9095C2827526884DFBC; };
		7FE6E96E368363C8D11B4EBC /* include_hi_snex_04.cpp */ = {isa = PBXBuildFile; fileRef = 9EAECCAFA553D5D53FC181DA; };
		80CFBF192A932DDEBEA2F11B /* WebKit.framework */ = {isa = PBXBuildFile; fileRef = 088986C95CC0E64FEC03E65E; };
		80DDD90380728680B24D70B5 /* include_hi_frontend.mm */ = {isa = PBXBuildFile; fileRef = D18015F2B2634A63E0423D9C; };
		87EFD4C7FF7E2143F51A9196 /* include_hi_rlottie_29.cpp */ = {isa = PBXBuildFile; fileRef = B9049F68548272D3AC6F4E1C; };
		89D012D5C061D472B0DE8DAA /* include_hi_snex_16.cpp */ = {isa = PBXBuildFile; fileRef = E6D7B0772FAA4981B50AFE9F; };
		8A4A5D0A96A4DAE939B01B40 /* include_hi_snex_18.cpp */ = {isa = PBXBuildFile; fileRef = CF9C574D8DEE9CE1A6FD582F; };
		8C0273A8AFE974F129E70FA4 /* include_hi_snex_03.cpp */ = {isa = PBXBuildFile; fileRef = A829A9788F4304823DDD1929; };
		8E34A0A145F511D698BDCC3D /* include_hi_snex_26.cpp */ = {isa = PBXBuildFile; fileRef = AED3869672828DDFBA14E154; };
		8F330C83A4288337E27C1545 /* include_hi_rlottie_25.cpp */ = {isa = PBXBuildFile; fileRef = 421DDFFD8C694E6FF44224FF; };
		8FF2E30802A707BC831D3D58 /* QuartzCore.framework */ = {isa = PBXBuildFile; fileRef = A5AE849C6143F548495C6B42; };
		916A494DB40E44DA37F3CAB5 /* include_hi_components.cpp */ = {isa = PBXBuildFile; fileRef = FC63F33024F54BE2A01151C1; };
		92DE11D30F8813746BA4BD25 /* include_hi_snex_32.cpp */ = {isa = PBXBuildFile; fileRef = FA631A0A3FE595443CEF1FCE; };
		93F06737CA5AEA354079AFEB /* include_juce_audio_plugin_client_utils.cpp */ = {isa = PBXBuildFile; fileRef = 9EC0984D46B851A31F4616B4; };
		948020DE03904CD0FB7F39B4 /* include_hi_modules_05.cpp */ = {isa = PBXBuildFile; fileRef = 42501F02F1A3278CEBDBE4CB; };
		97711C6F8EC65F16F62244F0 /* include_hi_snex_22.cpp */ = {isa = PBXBuildFile; fileRef = 7C189312EF03792D308ED21E; };
		99196EE194825EFD408276B4 /* include_hi_snex_01.cpp */ = {isa = PBXBuildFile; fileRef = 3537C01A09D2FE9FA76DF0D4; };
		9AD9FC34F6AF041B2994BBF2 /* include_hi_scripting_02.cpp */ = {isa = PBXBuildFile; fileRef = 9EC2E7043E33B1A08999F33C; };
		9CA0CF6B386AA6BB1D621CE5 /* include_hi_rlottie_10.cpp */ = {isa = PBXBuildFile; fileRef = 6357A85E6762684533E01247; };
		9DAC3CBE279A0654A2E0E0E8 /* CoreGraphics.framework */ = {isa = PBXBuildFile; fileRef = 036B4949858F052C49EEA96D; };
		9E7B238C1B2DD41020D220DE /* include_hi_rlottie_11.cpp */ = {isa = PBXBuildFile; fileRef = 823DF5BD7337AC60A2F8F6E7; };
		9F1B9C5846CFE7575359A035 /* include_hi_snex_25.cpp */ = {isa = PBXBuildFile; fileRef = 5B90D9BE46E7392796A96ADC; };
		A13C751A105CAA66149818A9 /* include_hi_snex_11.cpp */ = {isa = PBXBuildFile; fileRef = 10CDE1DFFE902E1A176FE675; };
		A282F3A65FA4BC46CC23B310 /* include_hi_modules_07.cpp */ = {isa = PBXBuildFile; fileRef = C17FF5DD4F335A2CA7A95761; };
		A3804DD311DA61C071FE08FD /* include_juce_audio_basics.mm */ = {isa = PBXBuildFile; fileRef = E95EC2F29BDD80685BBD330B; };
		A452D98F06986EDE4687DCA0 /* include_hi_rlottie_15.cpp */ = {isa = PBXBuildFile; fileRef = 5D1B4C2458E45919AEF06207; };
		A6AF1878A643B53BD71A91F5 /* include_hi_rlottie_31.cpp */ = {isa = PBXBuildFile; fileRef = 4D3C22DA6C7066566A9306F1; };
		A6EC3B9CFAEA38962DD746CD /* include_hi_snex_29.cpp */ = {isa = PBXBuildFile; fileRef = 23BD49FE7AE97A2A238B08F0; };
		AD65730CE8F9C20E022ADC01 /* include_juce_events.mm */ = {isa = PBXBuildFile; fileRef = B10A935204B2EDFD2B5CFAD1; };
		AF4CA0786579C87D129281E3 /* CoreMIDI.framework */ = {isa = PBXBuildFile; fileRef = 6241D39E92765E1D37E49F4B; };
		AFC5E6AF5A9C8C9CDAF1D877 /* EmbeddedResources */ = {isa = PBXBuildFile; fileRef = 81F26838DFA78723D2B991AC; };
		B0F52F8430F29641F0ACB89C /* include_hi_rlottie_6.cpp */ = {isa = PBXBuildFile; fileRef = B8BC945E1DDB069B33251592; };
		B59C813295E18874E491047E /* include_hi_rlottie_21.cpp */ = {isa = PBXBuildFile; fileRef = CFDBCC7F9F821ECDAD324546; };
		B8D25BFE96E5D1E633C1E616 /* include_hi_snex_42.cpp */ = {isa = PBXBuildFile; fileRef = E57ACEDFDFC891D7C2098257; };
		B988D187C427FB00C36FEB2F /* CoreText.framework */ = {isa = PBXBuildFile; fileRef = 9CA46004F6DFA4321F318012; };
		BA09C00C6B41508DD762B7D9 /* CoreAudioKit.framework */ = {isa = PBXBuildFile; fileRef = 5A4E927B57EC0EB78C182F3C; };
		BD785D137C02E8B0C0063C32 /* include_hi_snex_17.cpp */ = {isa = PBXBuildFile; fileRef = 096D8A95F959D91F82AE6D4F; };
		BDFAE072A89496577AFFBEDE /* include_hi_snex_24.cpp */ = {isa = PBXBuildFile; fileRef = 00DD7CE20D6F3D7E971422F4; };
		BF9A29DB9995EFF0E08EDD3C /* include_hi_snex.mm */ = {isa = PBXBuildFile; fileRef = BB7951A9DBC5DE0B00A9E614; };
		C04D502C5CF0032B049D41C8 /* include_hi_snex_23.cpp */ = {isa = PBXBuildFile; fileRef = 5DDA25C1FB3E227E9B53FCF4; };
		C30FA278FA737CFA73D6295C /* include_hi_dsp.cpp */ = {isa = PBXBuildFile; fileRef = 1B509D0349E75EBEE8D79451; };
		C49A1EF523BCE414F3C83436 /* include_hi_snex_05.cpp */ = {isa = PBXBuildFile; fileRef = 4819B9CD82357BE857577982; };
		C5B4946793AEDC240AD8F3E9 /* include_hi_rlottie_4.cpp */ = {isa = PBXBuildFile; fileRef = 03D88F47AC8B248A80274E6F; };
		C6A13B6C4308CC942ABE7B2C /* include_hi_snex_34.cpp */ = {isa = PBXBuildFile; fileRef = 4BFFA472458C848B946CEC1E; };
		C7077930C41B16D6F75FD1B3 /* include_hi_lac.mm */ = {isa = PBXBuildFile; fileRef = C98FFFDEAA9BA43E7924255B; };
		CA2ABD69CBF59B8EB8BD3678 /* LaunchScreen.storyboard */ = {isa = PBXBuildFile; fileRef = 93988170A37AAB07350BFEB1; };
		CB7D68DF0B3D8475D882D1C9 /* include_juce_dsp.mm */ = {isa = PBXBuildFile; fileRef = CD1424CE5D74CE73B2B7267C; };
		CBB8975ABB1EE3803BE96919 /* include_hi_snex_07.cpp */ = {isa = PBXBuildFile; fileRef = 1A85A3631235AB5566A026DE; };
		CBF9A493E691CBC4A0E2AF25 /* include_hi_snex_13.cpp */ = {isa = PBXBuildFile; fileRef = 8DAC2953F80829BE145622D7; };
		CDEA2AD10CA8AE5D55B7F7B8 /* AVFoundation.framework */ = {isa = PBXBuildFile; fileRef = 522C5BB8568BECF1BFC32A5A; };
		CE370D0200EB4B5780C28348 /* include_hi_scripting_01.cpp */ = {isa = PBXBuildFile; fileRef = FFCBB08EF4BFAB4FB04F7E0B; };
		D0B3C9F5B477C870DCEE462D /* include_hi_modules_04.cpp */ = {isa = PBXBuildFile; fileRef = CDE82D9039D47B6E4CCB4D86; };
		D0D46793A6123B514E480B4D /* include_hi_snex_20.cpp */ = {isa = PBXBuildFile; fileRef = FDEDA7277A53CD726801BD43; };
		D360836FDC1CA9C0DF6605A2 /* BinaryData.cpp */ = {isa = PBXBuildFile; fileRef = 82DE02B7AA344E8650813F98; };
		D471CFEDFDAF0C4C11E11EC5 /* include_hi_sampler.cpp */ = {isa = PBXBuildFile; fileRef = D9C1AB00633F63A9A620D610; };
		D4ACFBC6674CC2590FB0DC7F /* include_hi_snex_21.cpp */ = {isa = PBXBuildFile; fileRef = 9222C2F9B634BC845AA9ED9F; };
		D61F7DE7D79A964A30F3A6EF /* include_hi_snex_28.cpp */ = {isa = PBXBuildFile; fileRef = ADEFFF18B53A6740A32A4199; };
		D62C0B39D42F3C23F1CC036C /* include_hi_snex_10.cpp */ = {isa = PBXBuildFile; fileRef = 9004D4982CF5741ECC7CB8A3; };
		D753A0F4DDB8D783D649A0BF /* include_hi_snex_12.cpp */ = {isa = PBXBuildFile; fileRef = E08BF76992C13778600B2EC8; };
		D76B7A8A2C780A7E7D2244F3 /* Images */ = {isa = PBXBuildFile; fileRef = DE86B0A06D0B4E72C576BA8E; };
		D886C4A495B87FC53723396F /* include_hi_rlottie_18.cpp */ = {isa = PBXBuildFile; fileRef = 5C787C8BE5161B6A49649BE5; };
		DCA8B4209B4FA1D729AD81BF /* include_juce_graphics.mm */ = {isa = PBXBuildFile; fileRef = 1ED5B9F2DA37A0FEFD86820D; };
		E509EC22808D8BCC0E9874A0 /* Plugin.cpp */ = {isa = PBXBuildFile; fileRef = 951334B791C1FF380FD35A27; };
		E92046C2C487F08F1744AC5E /* include_hi_rlottie_28.cpp */ = {isa = PBXBuildFile; fileRef = E8D6890ECD8B88976AFE6DA8; };
		E9DA008260A1C2FF7C481C88 /* include_juce_opengl.mm */ = {isa = PBXBuildFile; fileRef = 25E314F0390A9EA80E0BFA2C; };
		EA2360C0A989C22808618275 /* include_juce_cryptography.mm */ = {isa = PBXBuildFile; fileRef = 3B5FD1DF247A37ADAB6DD0D2; };
		EAECAC44199F79127ADC7F4E /* include_hi_rlottie_7.cpp */ = {isa = PBXBuildFile; fileRef = 7564AA956F39DA9832EB1915; };
		EB9A1DEB6CCA36D3AE0D4AA4 /* include_hi_streaming.cpp */ = {isa = PBXBuildFile; fileRef = 90868185CD6A0F2705B74337; };
		EFF67FDB6E4545BF7F772EC3 /* include_hi_tools.mm */ = {isa = PBXBuildFile; fileRef = 6A9A5C1D3BBCB27C761C6669; };
		F3BA5A1FCFE4A552C069B468 /* include_hi_rlottie_22.cpp */ = {isa = PBXBuildFile; fileRef = 951B4FD2364B27B9C92A9CD3; };
		F5B190D8451B516818DFCC66 /* include_hi_rlottie.mm */ = {isa = PBXBuildFile; fileRef = D86EBEA0F24E66F1FA95C75D; };
		F5D30C739D7AD744E618ABD0 /* include_hi_modules_01.cpp */ = {isa = PBXBuildFile; fileRef = DFE5A329D1AB97C920A32BB0; };
		F978C582CA7AC755E13EAA43 /* AudioToolbox.framework */ = {isa = PBXBuildFile; fileRef = 47A04BDC87945A8EE751B123; };
		FB1CB72368F4A291C79DC7BB /* include_hi_core.mm */ = {isa = PBXBuildFile; fileRef = F1B80B9494D9429E1B65E9A2; };
		FDA3B7B3C759A334BFD82ED1 /* UIKit.framework */ = {isa = PBXBuildFile; fileRef = DC0BE95D64E6A8B11ABA9CEF; };
		FDD6BB450D095C039FF15057 /* include_juce_data_structures.mm */ = {isa = PBXBuildFile; fileRef = 54B572A2D80F964D1D8CF3F9; };
/* End PBXBuildFile section */

/* Begin PBXFileReference section */
		00DD7CE20D6F3D7E971422F4 /* include_hi_snex_24.cpp */ /* include_hi_snex_24.cpp */ = {isa = PBXFileReference; lastKnownFileType = sourcecode.cpp.cpp; name = include_hi_snex_24.cpp; path = ../../JuceLibraryCode/include_hi_snex_24.cpp; sourceTree = SOURCE_ROOT; };
		030D189F7C305A01D9D5A969 /* include_hi_snex_30.cpp */ /* include_hi_snex_30.cpp */ = {isa = PBXFileReference; lastKnownFileType = sourcecode.cpp.cpp; name = include_hi_snex_30.cpp; path = ../../JuceLibraryCode/include_hi_snex_30.cpp; sourceTree = SOURCE_ROOT; };
		036B4949858F052C49EEA96D /* CoreGraphics.framework */ /* CoreGraphics.framework */ = {isa = PBXFileReference; lastKnownFileType = wrapper.framework; name = CoreGraphics.framework; path = System/Library/Frameworks/CoreGraphics.framework; sourceTree = SDKROOT; };
		03D88F47AC8B248A80274E6F /* include_hi_rlottie_4.cpp */ /* include_hi_rlottie_4.cpp */ = {isa = PBXFileReference; lastKnownFileType = sourcecode.cpp.cpp; name = include_hi_rlottie_4.cpp; path = ../../JuceLibraryCode/include_hi_rlottie_4.cpp; sourceTree = SOURCE_ROOT; };
		088986C95CC0E64FEC03E65E /* WebKit.framework */ /* WebKit.framework */ = {isa = PBXFileReference; lastKnownFileType = wrapper.framework; name = WebKit.framework; path = System/Library/Frameworks/WebKit.framework; sourceTree = SDKROOT; };
		096D8A95F959D91F82AE6D4F /* include_hi_snex_17.cpp */ /* include_hi_snex_17.cpp */ = {isa = PBXFileReference; lastKnownFileType = sourcecode.cpp.cpp; name = include_hi_snex_17.cpp; path = ../../JuceLibraryCode/include_hi_snex_17.cpp; sourceTree = SOURCE_ROOT; };
		0976B6702626558AA1B8B8FC /* juce_data_structures */ /* juce_data_structures */ = {isa = PBXFileReference; lastKnownFileType = folder; name = juce_data_structures; path = "D:/hise---snex-trewrite/HISE/JUCE/modules/juce_data_structures"; sourceTree = "<absolute>"; };
		0A26690CA9680FC261B52F5A /* hi_modules */ /* hi_modules */ = {isa = PBXFileReference; lastKnownFileType = folder; name = hi_modules; path = "D:/hise---snex-trewrite/HISE/hi_modules"; sourceTree = "<absolute>"; };
		0B1E442EEBF0FE552E75F40A /* include_hi_snex_15.cpp */ /* include_hi_snex_15.cpp */ = {isa = PBXFileReference; lastKnownFileType = sourcecode.cpp.cpp; name = include_hi_snex_15.cpp; path = ../../JuceLibraryCode/include_hi_snex_15.cpp; sourceTree = SOURCE_ROOT; };
		0BFA09C29E1D0C2B4882FF80 /* CoreServices.framework */ /* CoreServices.framework */ = {isa = PBXFileReference; lastKnownFileType = wrapper.framework; name = CoreServices.framework; path = System/Library/Frameworks/CoreServices.framework; sourceTree = SDKROOT; };
		0C2A910FDA578753DF79A05B /* include_hi_snex_27.cpp */ /* include_hi_snex_27.cpp */ = {isa = PBXFileReference; lastKnownFileType = sourcecode.cpp.cpp; name = include_hi_snex_27.cpp; path = ../../JuceLibraryCode/include_hi_snex_27.cpp; sourceTree = SOURCE_ROOT; };
		0D2EFE1542E356C50B14B373 /* include_juce_audio_formats.mm */ /* include_juce_audio_formats.mm */ = {isa = PBXFileReference; lastKnownFileType = sourcecode.cpp.objcpp; name = include_juce_audio_formats.mm; path = ../../JuceLibraryCode/include_juce_audio_formats.mm; sourceTree = SOURCE_ROOT; };
		0EC83235E71123090955BCC7 /* Foundation.framework */ /* Foundation.framework */ = {isa = PBXFileReference; lastKnownFileType = wrapper.framework; name = Foundation.framework; path = System/Library/Frameworks/Foundation.framework; sourceTree = SDKROOT; };
		10C625011C34E6407AAC3A24 /* include_hi_rlottie_34.cpp */ /* include_hi_rlottie_34.cpp */ = {isa = PBXFileReference; lastKnownFileType = sourcecode.cpp.cpp; name = include_hi_rlottie_34.cpp; path = ../../JuceLibraryCode/include_hi_rlottie_34.cpp; sourceTree = SOURCE_ROOT; };
		10CDE1DFFE902E1A176FE675 /* include_hi_snex_11.cpp */ /* include_hi_snex_11.cpp */ = {isa = PBXFileReference; lastKnownFileType = sourcecode.cpp.cpp; name = include_hi_snex_11.cpp; path = ../../JuceLibraryCode/include_hi_snex_11.cpp; sourceTree = SOURCE_ROOT; };
		1493D2B0B613836B02CB7126 /* include_hi_snex_14.cpp */ /* include_hi_snex_14.cpp */ = {isa = PBXFileReference; lastKnownFileType = sourcecode.cpp.cpp; name = include_hi_snex_14.cpp; path = ../../JuceLibraryCode/include_hi_snex_14.cpp; sourceTree = SOURCE_ROOT; };
		18DCE6DAE520BF9176756DC3 /* hi_dsp */ /* hi_dsp */ = {isa = PBXFileReference; lastKnownFileType = folder; name = hi_dsp; path = "D:/hise---snex-trewrite/HISE/hi_dsp"; sourceTree = "<absolute>"; };
		1A85A3631235AB5566A026DE /* include_hi_snex_07.cpp */ /* include_hi_snex_07.cpp */ = {isa = PBXFileReference; lastKnownFileType = sourcecode.cpp.cpp; name = include_hi_snex_07.cpp; path = ../../JuceLibraryCode/include_hi_snex_07.cpp; sourceTree = SOURCE_ROOT; };
		1B509D0349E75EBEE8D79451 /* include_hi_dsp.cpp */ /* include_hi_dsp.cpp */ = {isa = PBXFileReference; lastKnownFileType = sourcecode.cpp.cpp; name = include_hi_dsp.cpp; path = ../../JuceLibraryCode/include_hi_dsp.cpp; sourceTree = SOURCE_ROOT; };
		1BAB7F450A1F1FF299553AC6 /* juce_core */ /* juce_core */ = {isa = PBXFileReference; lastKnownFileType = folder; name = juce_core; path = "D:/hise---snex-trewrite/HISE/JUCE/modules/juce_core"; sourceTree = "<absolute>"; };
		1ED5B9F2DA37A0FEFD86820D /* include_juce_graphics.mm */ /* include_juce_graphics.mm */ = {isa = PBXFileReference; lastKnownFileType = sourcecode.cpp.objcpp; name = include_juce_graphics.mm; path = ../../JuceLibraryCode/include_juce_graphics.mm; sourceTree = SOURCE_ROOT; };
		23BD49FE7AE97A2A238B08F0 /* include_hi_snex_29.cpp */ /* include_hi_snex_29.cpp */ = {isa = PBXFileReference; lastKnownFileType = sourcecode.cpp.cpp; name = include_hi_snex_29.cpp; path = ../../JuceLibraryCode/include_hi_snex_29.cpp; sourceTree = SOURCE_ROOT; };
		24801827A1F3C4DAE76EB377 /* include_hi_rlottie_13.cpp */ /* include_hi_rlottie_13.cpp */ = {isa = PBXFileReference; lastKnownFileType = sourcecode.cpp.cpp; name = include_hi_rlottie_13.cpp; path = ../../JuceLibraryCode/include_hi_rlottie_13.cpp; sourceTree = SOURCE_ROOT; };
		256C1FDD8E11AEDC4A7B1610 /* include_hi_snex_37.cpp */ /* include_hi_snex_37.cpp */ = {isa = PBXFileReference; lastKnownFileType = sourcecode.cpp.cpp; name = include_hi_snex_37.cpp; path = ../../JuceLibraryCode/include_hi_snex_37.cpp; sourceTree = SOURCE_ROOT; };
		25E314F0390A9EA80E0BFA2C /* include_juce_opengl.mm */ /* include_juce_opengl.mm */ = {isa = PBXFileReference; lastKnownFileType = sourcecode.cpp.objcpp; name = include_juce_opengl.mm; path = ../../JuceLibraryCode/include_juce_opengl.mm; sourceTree = SOURCE_ROOT; };
		269CE1633BFD41E3009E831A /* hi_streaming */ /* hi_streaming */ = {isa = PBXFileReference; lastKnownFileType = folder; name = hi_streaming; path = "D:/hise---snex-trewrite/HISE/hi_streaming"; sourceTree = "<absolute>"; };
		29B4FB80720574D5372C81AA /* include_hi_rlottie_1.cpp */ /* include_hi_rlottie_1.cpp */ = {isa = PBXFileReference; lastKnownFileType = sourcecode.cpp.cpp; name = include_hi_rlottie_1.cpp; path = ../../JuceLibraryCode/include_hi_rlottie_1.cpp; sourceTree = SOURCE_ROOT; };
		2AF52B3774EB3E0F56F38808 /* PresetData.cpp */ /* PresetData.cpp */ = {isa = PBXFileReference; lastKnownFileType = sourcecode.cpp.cpp; name = PresetData.cpp; path = ../../Source/PresetData.cpp; sourceTree = SOURCE_ROOT; };
		2B5237C36D603612699E6572 /* include_hi_rlottie_33.cpp */ /* include_hi_rlottie_33.cpp */ = {isa = PBXFileReference; lastKnownFileType = sourcecode.cpp.cpp; name = include_hi_rlottie_33.cpp; path = ../../JuceLibraryCode/include_hi_rlottie_33.cpp; sourceTree = SOURCE_ROOT; };
		2D7303BC5B80698FD84BC8DD /* juce_cryptography */ /* juce_cryptography */ = {isa = PBXFileReference; lastKnownFileType = folder; name = juce_cryptography; path = "D:/hise---snex-trewrite/HISE/JUCE/modules/juce_cryptography"; sourceTree = "<absolute>"; };
		3009CDFB44C0325859745807 /* include_hi_dsp_library_02.cpp */ /* include_hi_dsp_library_02.cpp */ = {isa = PBXFileReference; lastKnownFileType = sourcecode.cpp.cpp; name = include_hi_dsp_library_02.cpp; path = ../../JuceLibraryCode/include_hi_dsp_library_02.cpp; sourceTree = SOURCE_ROOT; };
		302F2084123D8D46D55CABA7 /* balanceKnob_200.png */ /* balanceKnob_200.png */ = {isa = PBXFileReference; lastKnownFileType = image.png; name = balanceKnob_200.png; path = ../../Source/Images/balanceKnob_200.png; sourceTree = SOURCE_ROOT; };
		33F396CB33D8466EA175C7F6 /* include_hi_snex_36.cpp */ /* include_hi_snex_36.cpp */ = {isa = PBXFileReference; lastKnownFileType = sourcecode.cpp.cpp; name = include_hi_snex_36.cpp; path = ../../JuceLibraryCode/include_hi_snex_36.cpp; sourceTree = SOURCE_ROOT; };
		3537C01A09D2FE9FA76DF0D4 /* include_hi_snex_01.cpp */ /* include_hi_snex_01.cpp */ = {isa = PBXFileReference; lastKnownFileType = sourcecode.cpp.cpp; name = include_hi_snex_01.cpp; path = ../../JuceLibraryCode/include_hi_snex_01.cpp; sourceTree = SOURCE_ROOT; };
		3581362F0EC8075BCEE03507 /* juce_gui_basics */ /* juce_gui_basics */ = {isa = PBXFileReference; lastKnownFileType = folder; name = juce_gui_basics; path = "D:/hise---snex-trewrite/HISE/JUCE/modules/juce_gui_basics"; sourceTree = "<absolute>"; };
		375D2628F72A796397A4AFAF /* PresetData.h */ /* PresetData.h */ = {isa = PBXFileReference; lastKnownFileType = sourcecode.c.h; name = PresetData.h; path = ../../Source/PresetData.h; sourceTree = SOURCE_ROOT; };
		3B5FD1DF247A37ADAB6DD0D2 /* include_juce_cryptography.mm */ /* include_juce_cryptography.mm */ = {isa = PBXFileReference; lastKnownFileType = sourcecode.cpp.objcpp; name = include_juce_cryptography.mm; path = ../../JuceLibraryCode/include_juce_cryptography.mm; sourceTree = SOURCE_ROOT; };
		3B91525390C93A2DB31B6CD2 /* include_juce_product_unlocking.mm */ /* include_juce_product_unlocking.mm */ = {isa = PBXFileReference; lastKnownFileType = sourcecode.cpp.objcpp; name = include_juce_product_unlocking.mm; path = ../../JuceLibraryCode/include_juce_product_unlocking.mm; sourceTree = SOURCE_ROOT; };
		3C06B511EDAC4901E47A4528 /* juce_dsp */ /* juce_dsp */ = {isa = PBXFileReference; lastKnownFileType = folder; name = juce_dsp; path = "D:/hise---snex-trewrite/HISE/JUCE/modules/juce_dsp"; sourceTree = "<absolute>"; };
		3C7FB92C769A5E510BD1650B /* hi_core */ /* hi_core */ = {isa = PBXFileReference; lastKnownFileType = folder; name = hi_core; path = "D:/hise---snex-trewrite/HISE/hi_core"; sourceTree = "<absolute>"; };
		3E80646A62CF0D4E399D4A76 /* include_hi_rlottie_30.cpp */ /* include_hi_rlottie_30.cpp */ = {isa = PBXFileReference; lastKnownFileType = sourcecode.cpp.cpp; name = include_hi_rlottie_30.cpp; path = ../../JuceLibraryCode/include_hi_rlottie_30.cpp; sourceTree = SOURCE_ROOT; };
		3E8404C7F6FA52F478ED0427 /* hi_zstd */ /* hi_zstd */ = {isa = PBXFileReference; lastKnownFileType = folder; name = hi_zstd; path = "D:/hise---snex-trewrite/HISE/hi_zstd"; sourceTree = "<absolute>"; };
		3F04B3F477BC00DD825A3C6C /* infoError.png */ /* infoError.png */ = {isa = PBXFileReference; lastKnownFileType = image.png; name = infoError.png; path = ../../Source/Images/infoError.png; sourceTree = SOURCE_ROOT; };
		40B6D8E174884F44625C2CBA /* hi_tools */ /* hi_tools */ = {isa = PBXFileReference; lastKnownFileType = folder; name = hi_tools; path = "D:/hise---snex-trewrite/HISE/hi_tools"; sourceTree = "<absolute>"; };
		41A65324D6FE8FB906F5BDDF /* include_hi_modules_03.cpp */ /* include_hi_modules_03.cpp */ = {isa = PBXFileReference; lastKnownFileType = sourcecode.cpp.cpp; name = include_hi_modules_03.cpp; path = ../../JuceLibraryCode/include_hi_modules_03.cpp; sourceTree = SOURCE_ROOT; };
		41C577AB7C87F5A49E5C1004 /* include_hi_modules_06.cpp */ /* include_hi_modules_06.cpp */ = {isa = PBXFileReference; lastKnownFileType = sourcecode.cpp.cpp; name = include_hi_modules_06.cpp; path = ../../JuceLibraryCode/include_hi_modules_06.cpp; sourceTree = SOURCE_ROOT; };
		421DDFFD8C694E6FF44224FF /* include_hi_rlottie_25.cpp */ /* include_hi_rlottie_25.cpp */ = {isa = PBXFileReference; lastKnownFileType = sourcecode.cpp.cpp; name = include_hi_rlottie_25.cpp; path = ../../JuceLibraryCode/include_hi_rlottie_25.cpp; sourceTree = SOURCE_ROOT; };
		42501F02F1A3278CEBDBE4CB /* include_hi_modules_05.cpp */ /* include_hi_modules_05.cpp */ = {isa = PBXFileReference; lastKnownFileType = sourcecode.cpp.cpp; name = include_hi_modules_05.cpp; path = ../../JuceLibraryCode/include_hi_modules_05.cpp; sourceTree = SOURCE_ROOT; };
		43449E9DF1970440B09D4658 /* infoInfo.png */ /* infoInfo.png */ = {isa = PBXFileReference; lastKnownFileType = image.png; name = infoInfo.png; path = ../../Source/Images/infoInfo.png; sourceTree = SOURCE_ROOT; };
		447C7CD95DEA77C2BDD714CF /* CoreImage.framework */ /* CoreImage.framework */ = {isa = PBXFileReference; lastKnownFileType = wrapper.framework; name = CoreImage.framework; path = System/Library/Frameworks/CoreImage.framework; sourceTree = SDKROOT; };
		46276A4B8DEF0CD518F3CA54 /* JuceHeader.h */ /* JuceHeader.h */ = {isa = PBXFileReference; lastKnownFileType = sourcecode.c.h; name = JuceHeader.h; path = ../../JuceLibraryCode/JuceHeader.h; sourceTree = SOURCE_ROOT; };
		47A04BDC87945A8EE751B123 /* AudioToolbox.framework */ /* AudioToolbox.framework */ = {isa = PBXFileReference; lastKnownFileType = wrapper.framework; name = AudioToolbox.framework; path = System/Library/Frameworks/AudioToolbox.framework; sourceTree = SDKROOT; };
		47C71DE00544E651FA76A07A /* include_hi_snex_08.cpp */ /* include_hi_snex_08.cpp */ = {isa = PBXFileReference; lastKnownFileType = sourcecode.cpp.cpp; name = include_hi_snex_08.cpp; path = ../../JuceLibraryCode/include_hi_snex_08.cpp; sourceTree = SOURCE_ROOT; };
		47E173AF54FF82BF01BAA01A /* UserPresets */ /* UserPresets */ = {isa = PBXFileReference; lastKnownFileType = folder; name = UserPresets; path = ../../../UserPresets; sourceTree = "<group>"; };
		4819B9CD82357BE857577982 /* include_hi_snex_05.cpp */ /* include_hi_snex_05.cpp */ = {isa = PBXFileReference; lastKnownFileType = sourcecode.cpp.cpp; name = include_hi_snex_05.cpp; path = ../../JuceLibraryCode/include_hi_snex_05.cpp; sourceTree = SOURCE_ROOT; };
		48D4D95423CA86F1E8E2FE7B /* include_hi_dsp_library_01.cpp */ /* include_hi_dsp_library_01.cpp */ = {isa = PBXFileReference; lastKnownFileType = sourcecode.cpp.cpp; name = include_hi_dsp_library_01.cpp; path = ../../JuceLibraryCode/include_hi_dsp_library_01.cpp; sourceTree = SOURCE_ROOT; };
		4A6BA7753B4BDCFEB4D26A18 /* infoWarning.png */ /* infoWarning.png */ = {isa = PBXFileReference; lastKnownFileType = image.png; name = infoWarning.png; path = ../../Source/Images/infoWarning.png; sourceTree = SOURCE_ROOT; };
		4BD609C83134642CC0C98A3C /* Samples */ /* Samples */ = {isa = PBXFileReference; lastKnownFileType = folder; name = Samples; path = ../../../Samples; sourceTree = "<group>"; };
		4BFFA472458C848B946CEC1E /* include_hi_snex_34.cpp */ /* include_hi_snex_34.cpp */ = {isa = PBXFileReference; lastKnownFileType = sourcecode.cpp.cpp; name = include_hi_snex_34.cpp; path = ../../JuceLibraryCode/include_hi_snex_34.cpp; sourceTree = SOURCE_ROOT; };
		4D3C22DA6C7066566A9306F1 /* include_hi_rlottie_31.cpp */ /* include_hi_rlottie_31.cpp */ = {isa = PBXFileReference; lastKnownFileType = sourcecode.cpp.cpp; name = include_hi_rlottie_31.cpp; path = ../../JuceLibraryCode/include_hi_rlottie_31.cpp; sourceTree = SOURCE_ROOT; };
		4DAF547951BD61B9DB3D5FEC /* include_hi_rlottie_3.cpp */ /* include_hi_rlottie_3.cpp */ = {isa = PBXFileReference; lastKnownFileType = sourcecode.cpp.cpp; name = include_hi_rlottie_3.cpp; path = ../../JuceLibraryCode/include_hi_rlottie_3.cpp; sourceTree = SOURCE_ROOT; };
		522C5BB8568BECF1BFC32A5A /* AVFoundation.framework */ /* AVFoundation.framework */ = {isa = PBXFileReference; lastKnownFileType = wrapper.framework; name = AVFoundation.framework; path = System/Library/Frameworks/AVFoundation.framework; sourceTree = SDKROOT; };
		52F3834E02E50B47054DFF33 /* FrontendKnob_Bipolar.png */ /* FrontendKnob_Bipolar.png */ = {isa = PBXFileReference; lastKnownFileType = image.png; name = FrontendKnob_Bipolar.png; path = ../../Source/Images/FrontendKnob_Bipolar.png; sourceTree = SOURCE_ROOT; };
		531785A6A29618724B8D7BB2 /* Accelerate.framework */ /* Accelerate.framework */ = {isa = PBXFileReference; lastKnownFileType = wrapper.framework; name = Accelerate.framework; path = System/Library/Frameworks/Accelerate.framework; sourceTree = SDKROOT; };
		53D1F7F92DF9E428BE4FB38C /* juce_audio_plugin_client */ /* juce_audio_plugin_client */ = {isa = PBXFileReference; lastKnownFileType = folder; name = juce_audio_plugin_client; path = "D:/hise---snex-trewrite/HISE/JUCE/modules/juce_audio_plugin_client"; sourceTree = "<absolute>"; };
		54355610387C60D722A894D1 /* juce_audio_devices */ /* juce_audio_devices */ = {isa = PBXFileReference; lastKnownFileType = folder; name = juce_audio_devices; path = "D:/hise---snex-trewrite/HISE/JUCE/modules/juce_audio_devices"; sourceTree = "<absolute>"; };
		54B572A2D80F964D1D8CF3F9 /* include_juce_data_structures.mm */ /* include_juce_data_structures.mm */ = {isa = PBXFileReference; lastKnownFileType = sourcecode.cpp.objcpp; name = include_juce_data_structures.mm; path = ../../JuceLibraryCode/include_juce_data_structures.mm; sourceTree = SOURCE_ROOT; };
		572DBB8C155A6502B53BF005 /* juce_audio_basics */ /* juce_audio_basics */ = {isa = PBXFileReference; lastKnownFileType = folder; name = juce_audio_basics; path = "D:/hise---snex-trewrite/HISE/JUCE/modules/juce_audio_basics"; sourceTree = "<absolute>"; };
		589BAF8B68D60DDA87F3F5EC /* toggle_200.png */ /* toggle_200.png */ = {isa = PBXFileReference; lastKnownFileType = image.png; name = toggle_200.png; path = ../../Source/Images/toggle_200.png; sourceTree = SOURCE_ROOT; };
		5A4E927B57EC0EB78C182F3C /* CoreAudioKit.framework */ /* CoreAudioKit.framework */ = {isa = PBXFileReference; lastKnownFileType = wrapper.framework; name = CoreAudioKit.framework; path = System/Library/Frameworks/CoreAudioKit.framework; sourceTree = SDKROOT; };
		5B90D9BE46E7392796A96ADC /* include_hi_snex_25.cpp */ /* include_hi_snex_25.cpp */ = {isa = PBXFileReference; lastKnownFileType = sourcecode.cpp.cpp; name = include_hi_snex_25.cpp; path = ../../JuceLibraryCode/include_hi_snex_25.cpp; sourceTree = SOURCE_ROOT; };
		5C787C8BE5161B6A49649BE5 /* include_hi_rlottie_18.cpp */ /* include_hi_rlottie_18.cpp */ = {isa = PBXFileReference; lastKnownFileType = sourcecode.cpp.cpp; name = include_hi_rlottie_18.cpp; path = ../../JuceLibraryCode/include_hi_rlottie_18.cpp; sourceTree = SOURCE_ROOT; };
		5D1B4C2458E45919AEF06207 /* include_hi_rlottie_15.cpp */ /* include_hi_rlottie_15.cpp */ = {isa = PBXFileReference; lastKnownFileType = sourcecode.cpp.cpp; name = include_hi_rlottie_15.cpp; path = ../../JuceLibraryCode/include_hi_rlottie_15.cpp; sourceTree = SOURCE_ROOT; };
		5D87D8A3A5238B66D08FBED5 /* hi_snex */ /* hi_snex */ = {isa = PBXFileReference; lastKnownFileType = folder; name = hi_snex; path = "D:/hise---snex-trewrite/HISE/hi_snex"; sourceTree = "<absolute>"; };
		5DDA25C1FB3E227E9B53FCF4 /* include_hi_snex_23.cpp */ /* include_hi_snex_23.cpp */ = {isa = PBXFileReference; lastKnownFileType = sourcecode.cpp.cpp; name = include_hi_snex_23.cpp; path = ../../JuceLibraryCode/include_hi_snex_23.cpp; sourceTree = SOURCE_ROOT; };
		6241D39E92765E1D37E49F4B /* CoreMIDI.framework */ /* CoreMIDI.framework */ = {isa = PBXFileReference; lastKnownFileType = wrapper.framework; name = CoreMIDI.framework; path = System/Library/Frameworks/CoreMIDI.framework; sourceTree = SDKROOT; };
		633BEC65618EB8B75DEA4E20 /* include_hi_rlottie_12.cpp */ /* include_hi_rlottie_12.cpp */ = {isa = PBXFileReference; lastKnownFileType = sourcecode.cpp.cpp; name = include_hi_rlottie_12.cpp; path = ../../JuceLibraryCode/include_hi_rlottie_12.cpp; sourceTree = SOURCE_ROOT; };
		6357A85E6762684533E01247 /* include_hi_rlottie_10.cpp */ /* include_hi_rlottie_10.cpp */ = {isa = PBXFileReference; lastKnownFileType = sourcecode.cpp.cpp; name = include_hi_rlottie_10.cpp; path = ../../JuceLibraryCode/include_hi_rlottie_10.cpp; sourceTree = SOURCE_ROOT; };
		63E574C44862C6F23B071EB6 /* include_hi_snex_06.cpp */ /* include_hi_snex_06.cpp */ = {isa = PBXFileReference; lastKnownFileType = sourcecode.cpp.cpp; name = include_hi_snex_06.cpp; path = ../../JuceLibraryCode/include_hi_snex_06.cpp; sourceTree = SOURCE_ROOT; };
		647159B0465CCBBE3E8E73B2 /* include_juce_audio_utils.mm */ /* include_juce_audio_utils.mm */ = {isa = PBXFileReference; lastKnownFileType = sourcecode.cpp.objcpp; name = include_juce_audio_utils.mm; path = ../../JuceLibraryCode/include_juce_audio_utils.mm; sourceTree = SOURCE_ROOT; };
		64C55FEF80D9C776B75ED68E /* infoQuestion.png */ /* infoQuestion.png */ = {isa = PBXFileReference; lastKnownFileType = image.png; name = infoQuestion.png; path = ../../Source/Images/infoQuestion.png; sourceTree = SOURCE_ROOT; };
		678CA7A6818139C85B5DC227 /* include_hi_rlottie_23.cpp */ /* include_hi_rlottie_23.cpp */ = {isa = PBXFileReference; lastKnownFileType = sourcecode.cpp.cpp; name = include_hi_rlottie_23.cpp; path = ../../JuceLibraryCode/include_hi_rlottie_23.cpp; sourceTree = SOURCE_ROOT; };
		679DE6345A0F697AE6EEAA7B /* juce_events */ /* juce_events */ = {isa = PBXFileReference; lastKnownFileType = folder; name = juce_events; path = "D:/hise---snex-trewrite/HISE/JUCE/modules/juce_events"; sourceTree = "<absolute>"; };
		697F67F26AF0B276F2C6DE7D /* include_hi_snex_35.cpp */ /* include_hi_snex_35.cpp */ = {isa = PBXFileReference; lastKnownFileType = sourcecode.cpp.cpp; name = include_hi_snex_35.cpp; path = ../../JuceLibraryCode/include_hi_snex_35.cpp; sourceTree = SOURCE_ROOT; };
		6A9A5C1D3BBCB27C761C6669 /* include_hi_tools.mm */ /* include_hi_tools.mm */ = {isa = PBXFileReference; lastKnownFileType = sourcecode.cpp.objcpp; name = include_hi_tools.mm; path = ../../JuceLibraryCode/include_hi_tools.mm; sourceTree = SOURCE_ROOT; };
		6C8DC7E7D2D6DC5CBA3D8256 /* juce_audio_formats */ /* juce_audio_formats */ = {isa = PBXFileReference; lastKnownFileType = folder; name = juce_audio_formats; path = "D:/hise---snex-trewrite/HISE/JUCE/modules/juce_audio_formats"; sourceTree = "<absolute>"; };
		706C7B63991289FDE8F4E90E /* AppConfig.h */ /* AppConfig.h */ = {isa = PBXFileReference; lastKnownFileType = sourcecode.c.h; name = AppConfig.h; path = ../../JuceLibraryCode/AppConfig.h; sourceTree = SOURCE_ROOT; };
		716ACF797A44DD8FC358CB49 /* include_hi_rlottie_27.cpp */ /* include_hi_rlottie_27.cpp */ = {isa = PBXFileReference; lastKnownFileType = sourcecode.cpp.cpp; name = include_hi_rlottie_27.cpp; path = ../../JuceLibraryCode/include_hi_rlottie_27.cpp; sourceTree = SOURCE_ROOT; };
		73F096A409E9A8157F7491DA /* include_hi_rlottie_24.cpp */ /* include_hi_rlottie_24.cpp */ = {isa = PBXFileReference; lastKnownFileType = sourcecode.cpp.cpp; name = include_hi_rlottie_24.cpp; path = ../../JuceLibraryCode/include_hi_rlottie_24.cpp; sourceTree = SOURCE_ROOT; };
		7564AA956F39DA9832EB1915 /* include_hi_rlottie_7.cpp */ /* include_hi_rlottie_7.cpp */ = {isa = PBXFileReference; lastKnownFileType = sourcecode.cpp.cpp; name = include_hi_rlottie_7.cpp; path = ../../JuceLibraryCode/include_hi_rlottie_7.cpp; sourceTree = SOURCE_ROOT; };
		7BF5CCB8C8846717A584E6A1 /* hi_frontend */ /* hi_frontend */ = {isa = PBXFileReference; lastKnownFileType = folder; name = hi_frontend; path = "D:/hise---snex-trewrite/HISE/hi_frontend"; sourceTree = "<absolute>"; };
		7C189312EF03792D308ED21E /* include_hi_snex_22.cpp */ /* include_hi_snex_22.cpp */ = {isa = PBXFileReference; lastKnownFileType = sourcecode.cpp.cpp; name = include_hi_snex_22.cpp; path = ../../JuceLibraryCode/include_hi_snex_22.cpp; sourceTree = SOURCE_ROOT; };
		7CD41B8451696DA162C6A64C /* include_hi_rlottie_32.cpp */ /* include_hi_rlottie_32.cpp */ = {isa = PBXFileReference; lastKnownFileType = sourcecode.cpp.cpp; name = include_hi_rlottie_32.cpp; path = ../../JuceLibraryCode/include_hi_rlottie_32.cpp; sourceTree = SOURCE_ROOT; };
		7DFA8F4970A4452DD92678F8 /* include_hi_snex_09.cpp */ /* include_hi_snex_09.cpp */ = {isa = PBXFileReference; lastKnownFileType = sourcecode.cpp.cpp; name = include_hi_snex_09.cpp; path = ../../JuceLibraryCode/include_hi_snex_09.cpp; sourceTree = SOURCE_ROOT; };
		7E10D2F4DDB8C7657E3F87F3 /* juce_graphics */ /* juce_graphics */ = {isa = PBXFileReference; lastKnownFileType = folder; name = juce_graphics; path = "D:/hise---snex-trewrite/HISE/JUCE/modules/juce_graphics"; sourceTree = "<absolute>"; };
		7E3806CD67091D086143BE16 /* include_juce_audio_plugin_client_VST_utils.mm */ /* include_juce_audio_plugin_client_VST_utils.mm */ = {isa = PBXFileReference; lastKnownFileType = sourcecode.cpp.objcpp; name = include_juce_audio_plugin_client_VST_utils.mm; path = ../../JuceLibraryCode/include_juce_audio_plugin_client_VST_utils.mm; sourceTree = SOURCE_ROOT; };
		7E4E48F744680F2236EF6AEF /* include_hi_scripting_04.cpp */ /* include_hi_scripting_04.cpp */ = {isa = PBXFileReference; lastKnownFileType = sourcecode.cpp.cpp; name = include_hi_scripting_04.cpp; path = ../../JuceLibraryCode/include_hi_scripting_04.cpp; sourceTree = SOURCE_ROOT; };
		801CA7BDD875B688D16FB883 /* include_hi_rlottie_5.cpp */ /* include_hi_rlottie_5.cpp */ = {isa = PBXFileReference; lastKnownFileType = sourcecode.cpp.cpp; name = include_hi_rlottie_5.cpp; path = ../../JuceLibraryCode/include_hi_rlottie_5.cpp; sourceTree = SOURCE_ROOT; };
		814B8DB21A716554F81B17EC /* knobModulated_200.png */ /* knobModulated_200.png */ = {isa = PBXFileReference; lastKnownFileType = image.png; name = knobModulated_200.png; path = ../../Source/Images/knobModulated_200.png; sourceTree = SOURCE_ROOT; };
		819211C0A5C114BF95F0A253 /* include_hi_modules_02.cpp */ /* include_hi_modules_02.cpp */ = {isa = PBXFileReference; lastKnownFileType = sourcecode.cpp.cpp; name = include_hi_modules_02.cpp; path = ../../JuceLibraryCode/include_hi_modules_02.cpp; sourceTree = SOURCE_ROOT; };
		81F26838DFA78723D2B991AC /* EmbeddedResources */ /* EmbeddedResources */ = {isa = PBXFileReference; lastKnownFileType = folder; name = EmbeddedResources; path = ../../EmbeddedResources; sourceTree = "<group>"; };
		823DF5BD7337AC60A2F8F6E7 /* include_hi_rlottie_11.cpp */ /* include_hi_rlottie_11.cpp */ = {isa = PBXFileReference; lastKnownFileType = sourcecode.cpp.cpp; name = include_hi_rlottie_11.cpp; path = ../../JuceLibraryCode/include_hi_rlottie_11.cpp; sourceTree = SOURCE_ROOT; };
		82DE02B7AA344E8650813F98 /* BinaryData.cpp */ /* BinaryData.cpp */ = {isa = PBXFileReference; lastKnownFileType = sourcecode.cpp.cpp; name = BinaryData.cpp; path = ../../JuceLibraryCode/BinaryData.cpp; sourceTree = SOURCE_ROOT; };
		881768CA4C77AA5AD640F2A2 /* OpenGLES.framework */ /* OpenGLES.framework */ = {isa = PBXFileReference; lastKnownFileType = wrapper.framework; name = OpenGLES.framework; path = System/Library/Frameworks/OpenGLES.framework; sourceTree = SDKROOT; };
		893970878EFC67D254415362 /* juce_gui_extra */ /* juce_gui_extra */ = {isa = PBXFileReference; lastKnownFileType = folder; name = juce_gui_extra; path = "D:/hise---snex-trewrite/HISE/JUCE/modules/juce_gui_extra"; sourceTree = "<absolute>"; };
		8DAC2953F80829BE145622D7 /* include_hi_snex_13.cpp */ /* include_hi_snex_13.cpp */ = {isa = PBXFileReference; lastKnownFileType = sourcecode.cpp.cpp; name = include_hi_snex_13.cpp; path = ../../JuceLibraryCode/include_hi_snex_13.cpp; sourceTree = SOURCE_ROOT; };
		8DF8B7EC667134F9EB106CC9 /* hi_rlottie */ /* hi_rlottie */ = {isa = PBXFileReference; lastKnownFileType = folder; name = hi_rlottie; path = "D:/hise---snex-trewrite/HISE/hi_rlottie"; sourceTree = "<absolute>"; };
		8E2322DC8A2F9D54FD0D1A6E /* Images.xcassets */ /* Images.xcassets */ = {isa = PBXFileReference; lastKnownFileType = folder.assetcatalog; name = Images.xcassets; path = EPIANO/Images.xcassets; sourceTree = SOURCE_ROOT; };
		8F2E2B7F5F006F0B1F1675D3 /* include_hi_rlottie_9.cpp */ /* include_hi_rlottie_9.cpp */ = {isa = PBXFileReference; lastKnownFileType = sourcecode.cpp.cpp; name = include_hi_rlottie_9.cpp; path = ../../JuceLibraryCode/include_hi_rlottie_9.cpp; sourceTree = SOURCE_ROOT; };
		9004D4982CF5741ECC7CB8A3 /* include_hi_snex_10.cpp */ /* include_hi_snex_10.cpp */ = {isa = PBXFileReference; lastKnownFileType = sourcecode.cpp.cpp; name = include_hi_snex_10.cpp; path = ../../JuceLibraryCode/include_hi_snex_10.cpp; sourceTree = SOURCE_ROOT; };
		90868185CD6A0F2705B74337 /* include_hi_streaming.cpp */ /* include_hi_streaming.cpp */ = {isa = PBXFileReference; lastKnownFileType = sourcecode.cpp.cpp; name = include_hi_streaming.cpp; path = ../../JuceLibraryCode/include_hi_streaming.cpp; sourceTree = SOURCE_ROOT; };
		915E86F81E087A38E351A858 /* include_hi_rlottie_19.cpp */ /* include_hi_rlottie_19.cpp */ = {isa = PBXFileReference; lastKnownFileType = sourcecode.cpp.cpp; name = include_hi_rlottie_19.cpp; path = ../../JuceLibraryCode/include_hi_rlottie_19.cpp; sourceTree = SOURCE_ROOT; };
		921F3278E44E673709B2246D /* include_hi_rlottie_16.cpp */ /* include_hi_rlottie_16.cpp */ = {isa = PBXFileReference; lastKnownFileType = sourcecode.cpp.cpp; name = include_hi_rlottie_16.cpp; path = ../../JuceLibraryCode/include_hi_rlottie_16.cpp; sourceTree = SOURCE_ROOT; };
		9222C2F9B634BC845AA9ED9F /* include_hi_snex_21.cpp */ /* include_hi_snex_21.cpp */ = {isa = PBXFileReference; lastKnownFileType = sourcecode.cpp.cpp; name = include_hi_snex_21.cpp; path = ../../JuceLibraryCode/include_hi_snex_21.cpp; sourceTree = SOURCE_ROOT; };
		9259C8C5D39F1CC36B9F77FA /* hi_sampler */ /* hi_sampler */ = {isa = PBXFileReference; lastKnownFileType = folder; name = hi_sampler; path = "D:/hise---snex-trewrite/HISE/hi_sampler"; sourceTree = "<absolute>"; };
		93988170A37AAB07350BFEB1 /* LaunchScreen.storyboard */ /* LaunchScreen.storyboard */ = {isa = PBXFileReference; lastKnownFileType = file.storyboard; name = LaunchScreen.storyboard; path = LaunchScreen.storyboard; sourceTree = SOURCE_ROOT; };
		9421D651EB72047A7F12C1A9 /* include_hi_snex_31.cpp */ /* include_hi_snex_31.cpp */ = {isa = PBXFileReference; lastKnownFileType = sourcecode.cpp.cpp; name = include_hi_snex_31.cpp; path = ../../JuceLibraryCode/include_hi_snex_31.cpp; sourceTree = SOURCE_ROOT; };
		951334B791C1FF380FD35A27 /* Plugin.cpp */ /* Plugin.cpp */ = {isa = PBXFileReference; lastKnownFileType = sourcecode.cpp.cpp; name = Plugin.cpp; path = ../../Source/Plugin.cpp; sourceTree = SOURCE_ROOT; };
		951B4FD2364B27B9C92A9CD3 /* include_hi_rlottie_22.cpp */ /* include_hi_rlottie_22.cpp */ = {isa = PBXFileReference; lastKnownFileType = sourcecode.cpp.cpp; name = include_hi_rlottie_22.cpp; path = ../../JuceLibraryCode/include_hi_rlottie_22.cpp; sourceTree = SOURCE_ROOT; };
		98995D2A48400EB4746E0364 /* include_hi_snex_40.cpp */ /* include_hi_snex_40.cpp */ = {isa = PBXFileReference; lastKnownFileType = sourcecode.cpp.cpp; name = include_hi_snex_40.cpp; path = ../../JuceLibraryCode/include_hi_snex_40.cpp; sourceTree = SOURCE_ROOT; };
		98AF70EE9755EE6417977195 /* JucePluginDefines.h */ /* JucePluginDefines.h */ = {isa = PBXFileReference; lastKnownFileType = sourcecode.c.h; name = JucePluginDefines.h; path = ../../JuceLibraryCode/JucePluginDefines.h; sourceTree = SOURCE_ROOT; };
		9A652DEAE16BC685DA21D386 /* Shared Code */ = {isa = PBXFileReference; explicitFileType = archive.ar; includeInIndex = 0; path = libEPIANO_Debug.a; sourceTree = BUILT_PRODUCTS_DIR; };
		9CA46004F6DFA4321F318012 /* CoreText.framework */ /* CoreText.framework */ = {isa = PBXFileReference; lastKnownFileType = wrapper.framework; name = CoreText.framework; path = System/Library/Frameworks/CoreText.framework; sourceTree = SDKROOT; };
		9EAECCAFA553D5D53FC181DA /* include_hi_snex_04.cpp */ /* include_hi_snex_04.cpp */ = {isa = PBXFileReference; lastKnownFileType = sourcecode.cpp.cpp; name = include_hi_snex_04.cpp; path = ../../JuceLibraryCode/include_hi_snex_04.cpp; sourceTree = SOURCE_ROOT; };
		9EC0984D46B851A31F4616B4 /* include_juce_audio_plugin_client_utils.cpp */ /* include_juce_audio_plugin_client_utils.cpp */ = {isa = PBXFileReference; lastKnownFileType = sourcecode.cpp.cpp; name = include_juce_audio_plugin_client_utils.cpp; path = ../../JuceLibraryCode/include_juce_audio_plugin_client_utils.cpp; sourceTree = SOURCE_ROOT; };
		9EC2E7043E33B1A08999F33C /* include_hi_scripting_02.cpp */ /* include_hi_scripting_02.cpp */ = {isa = PBXFileReference; lastKnownFileType = sourcecode.cpp.cpp; name = include_hi_scripting_02.cpp; path = ../../JuceLibraryCode/include_hi_scripting_02.cpp; sourceTree = SOURCE_ROOT; };
		A05F5E889150613C26B24012 /* juce_audio_utils */ /* juce_audio_utils */ = {isa = PBXFileReference; lastKnownFileType = folder; name = juce_audio_utils; path = "D:/hise---snex-trewrite/HISE/JUCE/modules/juce_audio_utils"; sourceTree = "<absolute>"; };
		A17477BAF36B2E5E9B2D7BE8 /* CopyProtection.cpp */ /* CopyProtection.cpp */ = {isa = PBXFileReference; lastKnownFileType = sourcecode.cpp.cpp; name = CopyProtection.cpp; path = ../../Source/CopyProtection.cpp; sourceTree = SOURCE_ROOT; };
		A5AE849C6143F548495C6B42 /* QuartzCore.framework */ /* QuartzCore.framework */ = {isa = PBXFileReference; lastKnownFileType = wrapper.framework; name = QuartzCore.framework; path = System/Library/Frameworks/QuartzCore.framework; sourceTree = SDKROOT; };
		A62E3C88FB4ADE81F786E53E /* include_juce_audio_processors.mm */ /* include_juce_audio_processors.mm */ = {isa = PBXFileReference; lastKnownFileType = sourcecode.cpp.objcpp; name = include_juce_audio_processors.mm; path = ../../JuceLibraryCode/include_juce_audio_processors.mm; sourceTree = SOURCE_ROOT; };
		A72ECE200DA0DA43B53E3009 /* include_hi_snex_19.cpp */ /* include_hi_snex_19.cpp */ = {isa = PBXFileReference; lastKnownFileType = sourcecode.cpp.cpp; name = include_hi_snex_19.cpp; path = ../../JuceLibraryCode/include_hi_snex_19.cpp; sourceTree = SOURCE_ROOT; };
		A829A9788F4304823DDD1929 /* include_hi_snex_03.cpp */ /* include_hi_snex_03.cpp */ = {isa = PBXFileReference; lastKnownFileType = sourcecode.cpp.cpp; name = include_hi_snex_03.cpp; path = ../../JuceLibraryCode/include_hi_snex_03.cpp; sourceTree = SOURCE_ROOT; };
		AAED4580170F583DAC01A261 /* juce_audio_processors */ /* juce_audio_processors */ = {isa = PBXFileReference; lastKnownFileType = folder; name = juce_audio_processors; path = "D:/hise---snex-trewrite/HISE/JUCE/modules/juce_audio_processors"; sourceTree = "<absolute>"; };
		ABC7F5424B8D214F329D55F9 /* include_hi_rlottie_2.cpp */ /* include_hi_rlottie_2.cpp */ = {isa = PBXFileReference; lastKnownFileType = sourcecode.cpp.cpp; name = include_hi_rlottie_2.cpp; path = ../../JuceLibraryCode/include_hi_rlottie_2.cpp; sourceTree = SOURCE_ROOT; };
		ADEFFF18B53A6740A32A4199 /* include_hi_snex_28.cpp */ /* include_hi_snex_28.cpp */ = {isa = PBXFileReference; lastKnownFileType = sourcecode.cpp.cpp; name = include_hi_snex_28.cpp; path = ../../JuceLibraryCode/include_hi_snex_28.cpp; sourceTree = SOURCE_ROOT; };
		AE03F30D3DDF6DE38783243A /* include_juce_gui_extra.mm */ /* include_juce_gui_extra.mm */ = {isa = PBXFileReference; lastKnownFileType = sourcecode.cpp.objcpp; name = include_juce_gui_extra.mm; path = ../../JuceLibraryCode/include_juce_gui_extra.mm; sourceTree = SOURCE_ROOT; };
		AED3869672828DDFBA14E154 /* include_hi_snex_26.cpp */ /* include_hi_snex_26.cpp */ = {isa = PBXFileReference; lastKnownFileType = sourcecode.cpp.cpp; name = include_hi_snex_26.cpp; path = ../../JuceLibraryCode/include_hi_snex_26.cpp; sourceTree = SOURCE_ROOT; };
		B10A935204B2EDFD2B5CFAD1 /* include_juce_events.mm */ /* include_juce_events.mm */ = {isa = PBXFileReference; lastKnownFileType = sourcecode.cpp.objcpp; name = include_juce_events.mm; path = ../../JuceLibraryCode/include_juce_events.mm; sourceTree = SOURCE_ROOT; };
		B1C56A4DFEDFB0AA55F19DA4 /* include_hi_zstd_1.mm */ /* include_hi_zstd_1.mm */ = {isa = PBXFileReference; lastKnownFileType = sourcecode.cpp.objcpp; name = include_hi_zstd_1.mm; path = ../../JuceLibraryCode/include_hi_zstd_1.mm; sourceTree = SOURCE_ROOT; };
		B39E86FFC8FAB031B2374DF5 /* include_hi_snex_02.cpp */ /* include_hi_snex_02.cpp */ = {isa = PBXFileReference; lastKnownFileType = sourcecode.cpp.cpp; name = include_hi_snex_02.cpp; path = ../../JuceLibraryCode/include_hi_snex_02.cpp; sourceTree = SOURCE_ROOT; };
		B3EFDEA2F4F6F31174027C03 /* hi_scripting */ /* hi_scripting */ = {isa = PBXFileReference; lastKnownFileType = folder; name = hi_scripting; path = "D:/hise---snex-trewrite/HISE/hi_scripting"; sourceTree = "<absolute>"; };
		B79B1E87E8897CBC6157AF9B /* include_hi_rlottie_17.cpp */ /* include_hi_rlottie_17.cpp */ = {isa = PBXFileReference; lastKnownFileType = sourcecode.cpp.cpp; name = include_hi_rlottie_17.cpp; path = ../../JuceLibraryCode/include_hi_rlottie_17.cpp; sourceTree = SOURCE_ROOT; };
		B8BC945E1DDB069B33251592 /* include_hi_rlottie_6.cpp */ /* include_hi_rlottie_6.cpp */ = {isa = PBXFileReference; lastKnownFileType = sourcecode.cpp.cpp; name = include_hi_rlottie_6.cpp; path = ../../JuceLibraryCode/include_hi_rlottie_6.cpp; sourceTree = SOURCE_ROOT; };
		B9049F68548272D3AC6F4E1C /* include_hi_rlottie_29.cpp */ /* include_hi_rlottie_29.cpp */ = {isa = PBXFileReference; lastKnownFileType = sourcecode.cpp.cpp; name = include_hi_rlottie_29.cpp; path = ../../JuceLibraryCode/include_hi_rlottie_29.cpp; sourceTree = SOURCE_ROOT; };
		BB0EF718388A4D5B9F9DCFB6 /* include_juce_core.mm */ /* include_juce_core.mm */ = {isa = PBXFileReference; lastKnownFileType = sourcecode.cpp.objcpp; name = include_juce_core.mm; path = ../../JuceLibraryCode/include_juce_core.mm; sourceTree = SOURCE_ROOT; };
		BB7951A9DBC5DE0B00A9E614 /* include_hi_snex.mm */ /* include_hi_snex.mm */ = {isa = PBXFileReference; lastKnownFileType = sourcecode.cpp.objcpp; name = include_hi_snex.mm; path = ../../JuceLibraryCode/include_hi_snex.mm; sourceTree = SOURCE_ROOT; };
		BCEB0C3E402641CB14E37C61 /* knobUnmodulated_200.png */ /* knobUnmodulated_200.png */ = {isa = PBXFileReference; lastKnownFileType = image.png; name = knobUnmodulated_200.png; path = ../../Source/Images/knobUnmodulated_200.png; sourceTree = SOURCE_ROOT; };
		BDA33C4E39FC2634C295BB03 /* juce_product_unlocking */ /* juce_product_unlocking */ = {isa = PBXFileReference; lastKnownFileType = folder; name = juce_product_unlocking; path = "D:/hise---snex-trewrite/HISE/JUCE/modules/juce_product_unlocking"; sourceTree = "<absolute>"; };
		BE937283379CA24BC33787B8 /* juce_opengl */ /* juce_opengl */ = {isa = PBXFileReference; lastKnownFileType = folder; name = juce_opengl; path = "D:/hise---snex-trewrite/HISE/JUCE/modules/juce_opengl"; sourceTree = "<absolute>"; };
		C17FF5DD4F335A2CA7A95761 /* include_hi_modules_07.cpp */ /* include_hi_modules_07.cpp */ = {isa = PBXFileReference; lastKnownFileType = sourcecode.cpp.cpp; name = include_hi_modules_07.cpp; path = ../../JuceLibraryCode/include_hi_modules_07.cpp; sourceTree = SOURCE_ROOT; };
		C44A0C907D4BD3F997127022 /* include_hi_snex_41.cpp */ /* include_hi_snex_41.cpp */ = {isa = PBXFileReference; lastKnownFileType = sourcecode.cpp.cpp; name = include_hi_snex_41.cpp; path = ../../JuceLibraryCode/include_hi_snex_41.cpp; sourceTree = SOURCE_ROOT; };
		C58D1930D21FECF04A191BE0 /* include_juce_audio_devices.mm */ /* include_juce_audio_devices.mm */ = {isa = PBXFileReference; lastKnownFileType = sourcecode.cpp.objcpp; name = include_juce_audio_devices.mm; path = ../../JuceLibraryCode/include_juce_audio_devices.mm; sourceTree = SOURCE_ROOT; };
		C5C179F9AA20D4B17CFE229E /* include_hi_rlottie_26.cpp */ /* include_hi_rlottie_26.cpp */ = {isa = PBXFileReference; lastKnownFileType = sourcecode.cpp.cpp; name = include_hi_rlottie_26.cpp; path = ../../JuceLibraryCode/include_hi_rlottie_26.cpp; sourceTree = SOURCE_ROOT; };
		C6FDA993E401749F275EEF25 /* hi_dsp_library */ /* hi_dsp_library */ = {isa = PBXFileReference; lastKnownFileType = folder; name = hi_dsp_library; path = "D:/hise---snex-trewrite/HISE/hi_dsp_library"; sourceTree = "<absolute>"; };
		C98FFFDEAA9BA43E7924255B /* include_hi_lac.mm */ /* include_hi_lac.mm */ = {isa = PBXFileReference; lastKnownFileType = sourcecode.cpp.objcpp; name = include_hi_lac.mm; path = ../../JuceLibraryCode/include_hi_lac.mm; sourceTree = SOURCE_ROOT; };
		CD1424CE5D74CE73B2B7267C /* include_juce_dsp.mm */ /* include_juce_dsp.mm */ = {isa = PBXFileReference; lastKnownFileType = sourcecode.cpp.objcpp; name = include_juce_dsp.mm; path = ../../JuceLibraryCode/include_juce_dsp.mm; sourceTree = SOURCE_ROOT; };
		CDE82D9039D47B6E4CCB4D86 /* include_hi_modules_04.cpp */ /* include_hi_modules_04.cpp */ = {isa = PBXFileReference; lastKnownFileType = sourcecode.cpp.cpp; name = include_hi_modules_04.cpp; path = ../../JuceLibraryCode/include_hi_modules_04.cpp; sourceTree = SOURCE_ROOT; };
		CF9C574D8DEE9CE1A6FD582F /* include_hi_snex_18.cpp */ /* include_hi_snex_18.cpp */ = {isa = PBXFileReference; lastKnownFileType = sourcecode.cpp.cpp; name = include_hi_snex_18.cpp; path = ../../JuceLibraryCode/include_hi_snex_18.cpp; sourceTree = SOURCE_ROOT; };
		CFDBCC7F9F821ECDAD324546 /* include_hi_rlottie_21.cpp */ /* include_hi_rlottie_21.cpp */ = {isa = PBXFileReference; lastKnownFileType = sourcecode.cpp.cpp; name = include_hi_rlottie_21.cpp; path = ../../JuceLibraryCode/include_hi_rlottie_21.cpp; sourceTree = SOURCE_ROOT; };
		D06AFA798FFD3991C9259208 /* include_hi_zstd_2.mm */ /* include_hi_zstd_2.mm */ = {isa = PBXFileReference; lastKnownFileType = sourcecode.cpp.objcpp; name = include_hi_zstd_2.mm; path = ../../JuceLibraryCode/include_hi_zstd_2.mm; sourceTree = SOURCE_ROOT; };
		D18015F2B2634A63E0423D9C /* include_hi_frontend.mm */ /* include_hi_frontend.mm */ = {isa = PBXFileReference; lastKnownFileType = sourcecode.cpp.objcpp; name = include_hi_frontend.mm; path = ../../JuceLibraryCode/include_hi_frontend.mm; sourceTree = SOURCE_ROOT; };
		D4653CD0F664DAE0F957CCD4 /* knobEmpty_200.png */ /* knobEmpty_200.png */ = {isa = PBXFileReference; lastKnownFileType = image.png; name = knobEmpty_200.png; path = ../../Source/Images/knobEmpty_200.png; sourceTree = SOURCE_ROOT; };
		D6C3FA53EA28938645060DA9 /* BinaryData.h */ /* BinaryData.h */ = {isa = PBXFileReference; lastKnownFileType = sourcecode.c.h; name = BinaryData.h; path = ../../JuceLibraryCode/BinaryData.h; sourceTree = SOURCE_ROOT; };
		D86EBEA0F24E66F1FA95C75D /* include_hi_rlottie.mm */ /* include_hi_rlottie.mm */ = {isa = PBXFileReference; lastKnownFileType = sourcecode.cpp.objcpp; name = include_hi_rlottie.mm; path = ../../JuceLibraryCode/include_hi_rlottie.mm; sourceTree = SOURCE_ROOT; };
		D9C1AB00633F63A9A620D610 /* include_hi_sampler.cpp */ /* include_hi_sampler.cpp */ = {isa = PBXFileReference; lastKnownFileType = sourcecode.cpp.cpp; name = include_hi_sampler.cpp; path = ../../JuceLibraryCode/include_hi_sampler.cpp; sourceTree = SOURCE_ROOT; };
		DA0235BDF5F90E398D81C375 /* include_hi_rlottie_20.cpp */ /* include_hi_rlottie_20.cpp */ = {isa = PBXFileReference; lastKnownFileType = sourcecode.cpp.cpp; name = include_hi_rlottie_20.cpp; path = ../../JuceLibraryCode/include_hi_rlottie_20.cpp; sourceTree = SOURCE_ROOT; };
		DC0BE95D64E6A8B11ABA9CEF /* UIKit.framework */ /* UIKit.framework */ = {isa = PBXFileReference; lastKnownFileType = wrapper.framework; name = UIKit.framework; path = System/Library/Frameworks/UIKit.framework; sourceTree = SDKROOT; };
		DE80E9095C2827526884DFBC /* include_hi_rlottie_14.cpp */ /* include_hi_rlottie_14.cpp */ = {isa = PBXFileReference; lastKnownFileType = sourcecode.cpp.cpp; name = include_hi_rlottie_14.cpp; path = ../../JuceLibraryCode/include_hi_rlottie_14.cpp; sourceTree = SOURCE_ROOT; };
		DE86B0A06D0B4E72C576BA8E /* Images */ /* Images */ = {isa = PBXFileReference; lastKnownFileType = folder; name = Images; path = ../../../Images; sourceTree = "<group>"; };
		DFE5A329D1AB97C920A32BB0 /* include_hi_modules_01.cpp */ /* include_hi_modules_01.cpp */ = {isa = PBXFileReference; lastKnownFileType = sourcecode.cpp.cpp; name = include_hi_modules_01.cpp; path = ../../JuceLibraryCode/include_hi_modules_01.cpp; sourceTree = SOURCE_ROOT; };
		E085221B3BA2FDE467A5CE71 /* CoreAudio.framework */ /* CoreAudio.framework */ = {isa = PBXFileReference; lastKnownFileType = wrapper.framework; name = CoreAudio.framework; path = System/Library/Frameworks/CoreAudio.framework; sourceTree = SDKROOT; };
		E08BF76992C13778600B2EC8 /* include_hi_snex_12.cpp */ /* include_hi_snex_12.cpp */ = {isa = PBXFileReference; lastKnownFileType = sourcecode.cpp.cpp; name = include_hi_snex_12.cpp; path = ../../JuceLibraryCode/include_hi_snex_12.cpp; sourceTree = SOURCE_ROOT; };
		E26576A6C22EAAA586290D9F /* hi_lac */ /* hi_lac */ = {isa = PBXFileReference; lastKnownFileType = folder; name = hi_lac; path = "D:/hise---snex-trewrite/HISE/hi_lac"; sourceTree = "<absolute>"; };
		E26F468ADDD684BFEB0CE3A4 /* include_juce_gui_basics.mm */ /* include_juce_gui_basics.mm */ = {isa = PBXFileReference; lastKnownFileType = sourcecode.cpp.objcpp; name = include_juce_gui_basics.mm; path = ../../JuceLibraryCode/include_juce_gui_basics.mm; sourceTree = SOURCE_ROOT; };
		E444D7068E32FBCFA35ED7BF /* include_hi_snex_33.cpp */ /* include_hi_snex_33.cpp */ = {isa = PBXFileReference; lastKnownFileType = sourcecode.cpp.cpp; name = include_hi_snex_33.cpp; path = ../../JuceLibraryCode/include_hi_snex_33.cpp; sourceTree = SOURCE_ROOT; };
		E518CE6FBF048E3D862DDB3D /* include_hi_zstd_3.mm */ /* include_hi_zstd_3.mm */ = {isa = PBXFileReference; lastKnownFileType = sourcecode.cpp.objcpp; name = include_hi_zstd_3.mm; path = ../../JuceLibraryCode/include_hi_zstd_3.mm; sourceTree = SOURCE_ROOT; };
		E57ACEDFDFC891D7C2098257 /* include_hi_snex_42.cpp */ /* include_hi_snex_42.cpp */ = {isa = PBXFileReference; lastKnownFileType = sourcecode.cpp.cpp; name = include_hi_snex_42.cpp; path = ../../JuceLibraryCode/include_hi_snex_42.cpp; sourceTree = SOURCE_ROOT; };
		E6D7B0772FAA4981B50AFE9F /* include_hi_snex_16.cpp */ /* include_hi_snex_16.cpp */ = {isa = PBXFileReference; lastKnownFileType = sourcecode.cpp.cpp; name = include_hi_snex_16.cpp; path = ../../JuceLibraryCode/include_hi_snex_16.cpp; sourceTree = SOURCE_ROOT; };
		E8D6890ECD8B88976AFE6DA8 /* include_hi_rlottie_28.cpp */ /* include_hi_rlottie_28.cpp */ = {isa = PBXFileReference; lastKnownFileType = sourcecode.cpp.cpp; name = include_hi_rlottie_28.cpp; path = ../../JuceLibraryCode/include_hi_rlottie_28.cpp; sourceTree = SOURCE_ROOT; };
		E95EC2F29BDD80685BBD330B /* include_juce_audio_basics.mm */ /* include_juce_audio_basics.mm */ = {isa = PBXFileReference; lastKnownFileType = sourcecode.cpp.objcpp; name = include_juce_audio_basics.mm; path = ../../JuceLibraryCode/include_juce_audio_basics.mm; sourceTree = SOURCE_ROOT; };
		F1B80B9494D9429E1B65E9A2 /* include_hi_core.mm */ /* include_hi_core.mm */ = {isa = PBXFileReference; lastKnownFileType = sourcecode.cpp.objcpp; name = include_hi_core.mm; path = ../../JuceLibraryCode/include_hi_core.mm; sourceTree = SOURCE_ROOT; };
		F2FE2295E70D792BDB357CEB /* include_hi_snex_39.cpp */ /* include_hi_snex_39.cpp */ = {isa = PBXFileReference; lastKnownFileType = sourcecode.cpp.cpp; name = include_hi_snex_39.cpp; path = ../../JuceLibraryCode/include_hi_snex_39.cpp; sourceTree = SOURCE_ROOT; };
		F323D8034ABEC5CDF8F7E7A3 /* include_hi_snex_38.cpp */ /* include_hi_snex_38.cpp */ = {isa = PBXFileReference; lastKnownFileType = sourcecode.cpp.cpp; name = include_hi_snex_38.cpp; path = ../../JuceLibraryCode/include_hi_snex_38.cpp; sourceTree = SOURCE_ROOT; };
		FA631A0A3FE595443CEF1FCE /* include_hi_snex_32.cpp */ /* include_hi_snex_32.cpp */ = {isa = PBXFileReference; lastKnownFileType = sourcecode.cpp.cpp; name = include_hi_snex_32.cpp; path = ../../JuceLibraryCode/include_hi_snex_32.cpp; sourceTree = SOURCE_ROOT; };
		FB554A1369836E24661D7F49 /* include_hi_rlottie_8.cpp */ /* include_hi_rlottie_8.cpp */ = {isa = PBXFileReference; lastKnownFileType = sourcecode.cpp.cpp; name = include_hi_rlottie_8.cpp; path = ../../JuceLibraryCode/include_hi_rlottie_8.cpp; sourceTree = SOURCE_ROOT; };
		FC63F33024F54BE2A01151C1 /* include_hi_components.cpp */ /* include_hi_components.cpp */ = {isa = PBXFileReference; lastKnownFileType = sourcecode.cpp.cpp; name = include_hi_components.cpp; path = ../../JuceLibraryCode/include_hi_components.cpp; sourceTree = SOURCE_ROOT; };
		FD08AA421411AB985BC16551 /* include_hi_scripting_03.cpp */ /* include_hi_scripting_03.cpp */ = {isa = PBXFileReference; lastKnownFileType = sourcecode.cpp.cpp; name = include_hi_scripting_03.cpp; path = ../../JuceLibraryCode/include_hi_scripting_03.cpp; sourceTree = SOURCE_ROOT; };
		FD0EA87C877E47B17FD734C0 /* FrontendKnob_Unipolar.png */ /* FrontendKnob_Unipolar.png */ = {isa = PBXFileReference; lastKnownFileType = image.png; name = FrontendKnob_Unipolar.png; path = ../../Source/Images/FrontendKnob_Unipolar.png; sourceTree = SOURCE_ROOT; };
		FD53A77587E28D3BC428E6DA /* hi_components */ /* hi_components */ = {isa = PBXFileReference; lastKnownFileType = folder; name = hi_components; path = "D:/hise---snex-trewrite/HISE/hi_components"; sourceTree = "<absolute>"; };
		FDEDA7277A53CD726801BD43 /* include_hi_snex_20.cpp */ /* include_hi_snex_20.cpp */ = {isa = PBXFileReference; lastKnownFileType = sourcecode.cpp.cpp; name = include_hi_snex_20.cpp; path = ../../JuceLibraryCode/include_hi_snex_20.cpp; sourceTree = SOURCE_ROOT; };
		FFCBB08EF4BFAB4FB04F7E0B /* include_hi_scripting_01.cpp */ /* include_hi_scripting_01.cpp */ = {isa = PBXFileReference; lastKnownFileType = sourcecode.cpp.cpp; name = include_hi_scripting_01.cpp; path = ../../JuceLibraryCode/include_hi_scripting_01.cpp; sourceTree = SOURCE_ROOT; };
/* End PBXFileReference section */

/* Begin PBXGroup section */
		1A3BBA9F595BE1E9A47D7C6F /* EPIANO */ = {
			isa = PBXGroup;
			children = (
				35F33123F64AC4508152DC4E,
			);
			name = EPIANO;
			sourceTree = "<group>";
		};
		3205093F7BDA10E625755066 /* Resources */ = {
			isa = PBXGroup;
			children = (
				4BD609C83134642CC0C98A3C,
				DE86B0A06D0B4E72C576BA8E,
				81F26838DFA78723D2B991AC,
				47E173AF54FF82BF01BAA01A,
				8E2322DC8A2F9D54FD0D1A6E,
				93988170A37AAB07350BFEB1,
			);
			name = Resources;
			sourceTree = "<group>";
		};
		35F33123F64AC4508152DC4E /* Source */ = {
			isa = PBXGroup;
			children = (
				302F2084123D8D46D55CABA7,
				52F3834E02E50B47054DFF33,
				FD0EA87C877E47B17FD734C0,
				3F04B3F477BC00DD825A3C6C,
				43449E9DF1970440B09D4658,
				64C55FEF80D9C776B75ED68E,
				4A6BA7753B4BDCFEB4D26A18,
				D4653CD0F664DAE0F957CCD4,
				814B8DB21A716554F81B17EC,
				BCEB0C3E402641CB14E37C61,
				A17477BAF36B2E5E9B2D7BE8,
				951334B791C1FF380FD35A27,
				2AF52B3774EB3E0F56F38808,
				375D2628F72A796397A4AFAF,
				589BAF8B68D60DDA87F3F5EC,
			);
			name = Source;
			sourceTree = "<group>";
		};
		3CFB9C26DC017F4D31F0B45E /* Source */ = {
			isa = PBXGroup;
			children = (
				1A3BBA9F595BE1E9A47D7C6F,
				471BE3F2E2FF8E221EA7FDBF,
				5A6D6D302356F6880E40E96D,
				3205093F7BDA10E625755066,
				FF1495E4B981994A9A24E5A5,
				52E18B7B15773FD325F68720,
			);
			name = Source;
			sourceTree = "<group>";
		};
		471BE3F2E2FF8E221EA7FDBF /* JUCE Modules */ = {
			isa = PBXGroup;
			children = (
				FD53A77587E28D3BC428E6DA,
				3C7FB92C769A5E510BD1650B,
				18DCE6DAE520BF9176756DC3,
				C6FDA993E401749F275EEF25,
				7BF5CCB8C8846717A584E6A1,
				E26576A6C22EAAA586290D9F,
				0A26690CA9680FC261B52F5A,
				8DF8B7EC667134F9EB106CC9,
				9259C8C5D39F1CC36B9F77FA,
				B3EFDEA2F4F6F31174027C03,
				5D87D8A3A5238B66D08FBED5,
				269CE1633BFD41E3009E831A,
				40B6D8E174884F44625C2CBA,
				3E8404C7F6FA52F478ED0427,
				572DBB8C155A6502B53BF005,
				54355610387C60D722A894D1,
				6C8DC7E7D2D6DC5CBA3D8256,
				53D1F7F92DF9E428BE4FB38C,
				AAED4580170F583DAC01A261,
				A05F5E889150613C26B24012,
				1BAB7F450A1F1FF299553AC6,
				2D7303BC5B80698FD84BC8DD,
				0976B6702626558AA1B8B8FC,
				3C06B511EDAC4901E47A4528,
				679DE6345A0F697AE6EEAA7B,
				7E10D2F4DDB8C7657E3F87F3,
				3581362F0EC8075BCEE03507,
				893970878EFC67D254415362,
				BE937283379CA24BC33787B8,
				BDA33C4E39FC2634C295BB03,
			);
			name = "JUCE Modules";
			sourceTree = "<group>";
		};
		52E18B7B15773FD325F68720 /* Products */ = {
			isa = PBXGroup;
			children = (
				9A652DEAE16BC685DA21D386,
			);
			name = Products;
			sourceTree = "<group>";
		};
		5A6D6D302356F6880E40E96D /* JUCE Library Code */ = {
			isa = PBXGroup;
			children = (
				706C7B63991289FDE8F4E90E,
				82DE02B7AA344E8650813F98,
				D6C3FA53EA28938645060DA9,
				FC63F33024F54BE2A01151C1,
				F1B80B9494D9429E1B65E9A2,
				1B509D0349E75EBEE8D79451,
				48D4D95423CA86F1E8E2FE7B,
				3009CDFB44C0325859745807,
				D18015F2B2634A63E0423D9C,
				C98FFFDEAA9BA43E7924255B,
				DFE5A329D1AB97C920A32BB0,
				819211C0A5C114BF95F0A253,
				41A65324D6FE8FB906F5BDDF,
				CDE82D9039D47B6E4CCB4D86,
				42501F02F1A3278CEBDBE4CB,
				41C577AB7C87F5A49E5C1004,
				C17FF5DD4F335A2CA7A95761,
				D86EBEA0F24E66F1FA95C75D,
				29B4FB80720574D5372C81AA,
				ABC7F5424B8D214F329D55F9,
				4DAF547951BD61B9DB3D5FEC,
				03D88F47AC8B248A80274E6F,
				801CA7BDD875B688D16FB883,
				B8BC945E1DDB069B33251592,
				7564AA956F39DA9832EB1915,
				FB554A1369836E24661D7F49,
				8F2E2B7F5F006F0B1F1675D3,
				6357A85E6762684533E01247,
				823DF5BD7337AC60A2F8F6E7,
				633BEC65618EB8B75DEA4E20,
				24801827A1F3C4DAE76EB377,
				DE80E9095C2827526884DFBC,
				5D1B4C2458E45919AEF06207,
				921F3278E44E673709B2246D,
				B79B1E87E8897CBC6157AF9B,
				5C787C8BE5161B6A49649BE5,
				915E86F81E087A38E351A858,
				DA0235BDF5F90E398D81C375,
				CFDBCC7F9F821ECDAD324546,
				951B4FD2364B27B9C92A9CD3,
				678CA7A6818139C85B5DC227,
				73F096A409E9A8157F7491DA,
				421DDFFD8C694E6FF44224FF,
				C5C179F9AA20D4B17CFE229E,
				716ACF797A44DD8FC358CB49,
				E8D6890ECD8B88976AFE6DA8,
				B9049F68548272D3AC6F4E1C,
				3E80646A62CF0D4E399D4A76,
				4D3C22DA6C7066566A9306F1,
				7CD41B8451696DA162C6A64C,
				2B5237C36D603612699E6572,
				10C625011C34E6407AAC3A24,
				D9C1AB00633F63A9A620D610,
				FFCBB08EF4BFAB4FB04F7E0B,
				9EC2E7043E33B1A08999F33C,
				FD08AA421411AB985BC16551,
				7E4E48F744680F2236EF6AEF,
				BB7951A9DBC5DE0B00A9E614,
				3537C01A09D2FE9FA76DF0D4,
				B39E86FFC8FAB031B2374DF5,
				A829A9788F4304823DDD1929,
				9EAECCAFA553D5D53FC181DA,
				4819B9CD82357BE857577982,
				63E574C44862C6F23B071EB6,
				1A85A3631235AB5566A026DE,
				47C71DE00544E651FA76A07A,
				7DFA8F4970A4452DD92678F8,
				9004D4982CF5741ECC7CB8A3,
				10CDE1DFFE902E1A176FE675,
				E08BF76992C13778600B2EC8,
				8DAC2953F80829BE145622D7,
				1493D2B0B613836B02CB7126,
				0B1E442EEBF0FE552E75F40A,
				E6D7B0772FAA4981B50AFE9F,
				096D8A95F959D91F82AE6D4F,
				CF9C574D8DEE9CE1A6FD582F,
				A72ECE200DA0DA43B53E3009,
				FDEDA7277A53CD726801BD43,
				9222C2F9B634BC845AA9ED9F,
				7C189312EF03792D308ED21E,
				5DDA25C1FB3E227E9B53FCF4,
				00DD7CE20D6F3D7E971422F4,
				5B90D9BE46E7392796A96ADC,
				AED3869672828DDFBA14E154,
				0C2A910FDA578753DF79A05B,
				ADEFFF18B53A6740A32A4199,
				23BD49FE7AE97A2A238B08F0,
				030D189F7C305A01D9D5A969,
				9421D651EB72047A7F12C1A9,
				FA631A0A3FE595443CEF1FCE,
				E444D7068E32FBCFA35ED7BF,
				4BFFA472458C848B946CEC1E,
				697F67F26AF0B276F2C6DE7D,
				33F396CB33D8466EA175C7F6,
				256C1FDD8E11AEDC4A7B1610,
				F323D8034ABEC5CDF8F7E7A3,
				F2FE2295E70D792BDB357CEB,
				98995D2A48400EB4746E0364,
				C44A0C907D4BD3F997127022,
				E57ACEDFDFC891D7C2098257,
				90868185CD6A0F2705B74337,
				6A9A5C1D3BBCB27C761C6669,
				B1C56A4DFEDFB0AA55F19DA4,
				D06AFA798FFD3991C9259208,
				E518CE6FBF048E3D862DDB3D,
				E95EC2F29BDD80685BBD330B,
				C58D1930D21FECF04A191BE0,
				0D2EFE1542E356C50B14B373,
				9EC0984D46B851A31F4616B4,
				7E3806CD67091D086143BE16,
				A62E3C88FB4ADE81F786E53E,
				647159B0465CCBBE3E8E73B2,
				BB0EF718388A4D5B9F9DCFB6,
				3B5FD1DF247A37ADAB6DD0D2,
				54B572A2D80F964D1D8CF3F9,
				CD1424CE5D74CE73B2B7267C,
				B10A935204B2EDFD2B5CFAD1,
				1ED5B9F2DA37A0FEFD86820D,
				E26F468ADDD684BFEB0CE3A4,
				AE03F30D3DDF6DE38783243A,
				25E314F0390A9EA80E0BFA2C,
				3B91525390C93A2DB31B6CD2,
				46276A4B8DEF0CD518F3CA54,
				98AF70EE9755EE6417977195,
			);
			name = "JUCE Library Code";
			sourceTree = "<group>";
		};
		FF1495E4B981994A9A24E5A5 /* Frameworks */ = {
			isa = PBXGroup;
			children = (
				531785A6A29618724B8D7BB2,
				47A04BDC87945A8EE751B123,
				522C5BB8568BECF1BFC32A5A,
				E085221B3BA2FDE467A5CE71,
				5A4E927B57EC0EB78C182F3C,
				036B4949858F052C49EEA96D,
				447C7CD95DEA77C2BDD714CF,
				6241D39E92765E1D37E49F4B,
				0BFA09C29E1D0C2B4882FF80,
				9CA46004F6DFA4321F318012,
				0EC83235E71123090955BCC7,
				881768CA4C77AA5AD640F2A2,
				A5AE849C6143F548495C6B42,
				DC0BE95D64E6A8B11ABA9CEF,
				088986C95CC0E64FEC03E65E,
			);
			name = Frameworks;
			sourceTree = "<group>";
		};
/* End PBXGroup section */

/* Begin PBXNativeTarget section */
		34483CEAEA970C667D38CBAA /* EPIANO - Shared Code */ = {
			isa = PBXNativeTarget;
			buildConfigurationList = 15F77A047DA259D807725C53;
			buildPhases = (
				B6809E9440364E3E08D41E0E,
			);
			buildRules = (
			);
			dependencies = (
			);
			name = "EPIANO - Shared Code";
			productName = EPIANO;
			productReference = 9A652DEAE16BC685DA21D386;
			productType = "com.apple.product-type.library.static";
		};
/* End PBXNativeTarget section */

/* Begin PBXProject section */
		963BFB89024DF9252AA0DD85 = {
			isa = PBXProject;
			attributes = {
				LastUpgradeCheck = 1310;
				ORGANIZATIONNAME = "Madeforlife Music";
				TargetAttributes = {
					0FCDE97DDF3D3ECB2073E102 = {
						DevelopmentTeam = %DEVELOPMENT_TEAM_ID%;
						ProvisioningStyle = Automatic;
						SystemCapabilities = {
							com.apple.ApplicationGroups.iOS = {
								enabled = 0;
							};
							com.apple.HardenedRuntime = {
								enabled = 0;
							};
							com.apple.InAppPurchase = {
								enabled = 0;
							};
							com.apple.InterAppAudio = {
								enabled = 0;
							};
							com.apple.Push = {
								enabled = 0;
							};
							com.apple.Sandbox = {
								enabled = 0;
							};
						};
					};
					34483CEAEA970C667D38CBAA = {
						DevelopmentTeam = %DEVELOPMENT_TEAM_ID%;
						ProvisioningStyle = Automatic;
						SystemCapabilities = {
							com.apple.ApplicationGroups.iOS = {
								enabled = 0;
							};
							com.apple.HardenedRuntime = {
								enabled = 0;
							};
							com.apple.InAppPurchase = {
								enabled = 0;
							};
							com.apple.InterAppAudio = {
								enabled = 0;
							};
							com.apple.Push = {
								enabled = 0;
							};
							com.apple.Sandbox = {
								enabled = 0;
							};
						};
					};
				};
			};
			buildConfigurationList = 691F5EF646304FF2A1E74EDF;
			compatibilityVersion = "Xcode 3.2";
			hasScannedForEncodings = 0;
			knownRegions = (
				en,
				Base,
			);
			mainGroup = 3CFB9C26DC017F4D31F0B45E;
			projectDirPath = "";
			projectRoot = "";
			targets = (
				0FCDE97DDF3D3ECB2073E102,
				34483CEAEA970C667D38CBAA,
			);
		};
/* End PBXProject section */

/* Begin PBXSourcesBuildPhase section */
		B6809E9440364E3E08D41E0E = {
			isa = PBXSourcesBuildPhase;
			buildActionMask = 2147483647;
			files = (
				0EB5B728E229CE5E08167AA1,
				E509EC22808D8BCC0E9874A0,
				45732CC6EA3A822F264155E9,
				D360836FDC1CA9C0DF6605A2,
				916A494DB40E44DA37F3CAB5,
				FB1CB72368F4A291C79DC7BB,
				C30FA278FA737CFA73D6295C,
				59BE3AAAB9036FA115BFC833,
				500E342830338B3B8D0712A5,
				80DDD90380728680B24D70B5,
				C7077930C41B16D6F75FD1B3,
				F5D30C739D7AD744E618ABD0,
				0AA94FBF1261F1123F85D0BF,
				0D474C89D479FE2FB8267174,
				D0B3C9F5B477C870DCEE462D,
				948020DE03904CD0FB7F39B4,
				409105B6A42987AB9C4D197C,
				A282F3A65FA4BC46CC23B310,
				F5B190D8451B516818DFCC66,
				4DB0336B33B7365F2F49DE0C,
				07BD31E5419074544102FAC4,
				407B0690AAC9FEF78E960262,
				C5B4946793AEDC240AD8F3E9,
				0CB90D4FD06F795079CB1EE5,
				B0F52F8430F29641F0ACB89C,
				EAECAC44199F79127ADC7F4E,
				0DF576835017E99B56E4C3D9,
				2B4853A415B1566F08D80C97,
				9CA0CF6B386AA6BB1D621CE5,
				9E7B238C1B2DD41020D220DE,
				637BAF78A2087C2FD026E80D,
				17853BE86D31E9B380F95FAB,
				7D40A49EF71D39B407FDBDDA,
				A452D98F06986EDE4687DCA0,
				0D0972D55105DB84AA7E7B54,
				37CF14482BAF1861D866FD97,
				D886C4A495B87FC53723396F,
				2A4CD3AA99AB4D7E21B220B0,
				20E6E5E0278D8B2B489600A3,
				B59C813295E18874E491047E,
				F3BA5A1FCFE4A552C069B468,
				49BD86765415AD1A4C823A95,
				2B67C111748D368C823BC5E5,
				8F330C83A4288337E27C1545,
				0F01AFB4DBD10BB60AEE5EE7,
				6BE22DD3BB6345981C8B5D9A,
				E92046C2C487F08F1744AC5E,
				87EFD4C7FF7E2143F51A9196,
				5C897A42996DB60AD8C52D29,
				A6AF1878A643B53BD71A91F5,
				05181A991B9D5BC3C348F9A5,
				4C155EE5EE2BDDF02F0F8F4F,
				7D39790B28D5F3F1475A84B9,
				D471CFEDFDAF0C4C11E11EC5,
				CE370D0200EB4B5780C28348,
				9AD9FC34F6AF041B2994BBF2,
				4B4D12A792DAA14AF1CF4C7F,
				23C45FC211ED5EE031EC95A9,
				BF9A29DB9995EFF0E08EDD3C,
				99196EE194825EFD408276B4,
				6A02374A0F193EB4DD9B4CB0,
				8C0273A8AFE974F129E70FA4,
				7FE6E96E368363C8D11B4EBC,
				C49A1EF523BCE414F3C83436,
				18B2AC2B8273F557C5F6B6B7,
				CBB8975ABB1EE3803BE96919,
				19503F711BC31FAABB29CE8A,
				118BD994D3E120DDA5E5BB8B,
				D62C0B39D42F3C23F1CC036C,
				A13C751A105CAA66149818A9,
				D753A0F4DDB8D783D649A0BF,
				CBF9A493E691CBC4A0E2AF25,
				21956C1C387C2304D75BFDCE,
				3CD6F8D42AD9BD61C393F3DF,
				89D012D5C061D472B0DE8DAA,
				BD785D137C02E8B0C0063C32,
				8A4A5D0A96A4DAE939B01B40,
				02A4CC6905F7ED23254E09C3,
				D0D46793A6123B514E480B4D,
				D4ACFBC6674CC2590FB0DC7F,
				97711C6F8EC65F16F62244F0,
				C04D502C5CF0032B049D41C8,
				BDFAE072A89496577AFFBEDE,
				9F1B9C5846CFE7575359A035,
				8E34A0A145F511D698BDCC3D,
				3FD62A8CC539B3E938B6703C,
				D61F7DE7D79A964A30F3A6EF,
				A6EC3B9CFAEA38962DD746CD,
				776D4775BBCD117EF3770277,
				3007544D973A8C1CE78E184B,
				92DE11D30F8813746BA4BD25,
				0196511A428DF285CF06BB38,
				C6A13B6C4308CC942ABE7B2C,
				23BC3C1505A1FC401082658C,
				64C9E336B284177688F17ABF,
				6523DC3F338BD8DA20399F13,
				486D9252106CFA2465B1C2D5,
				03DD8B174E3A70B6DC769FD0,
				31FACF23FE1DC54F302F4FC8,
				49267F0A8F757B11FDACEC20,
				B8D25BFE96E5D1E633C1E616,
				EB9A1DEB6CCA36D3AE0D4AA4,
				EFF67FDB6E4545BF7F772EC3,
				4D164F98F5FAE91FF3C2DB22,
				2AD6869B73E2C52E560990A5,
				0914A7E90F650B759DC2C462,
				A3804DD311DA61C071FE08FD,
				1735C73577EBAAAC9F01E874,
				498F9A80ABF46839F9E5A55C,
				93F06737CA5AEA354079AFEB,
				622202D34454F85F9FEEAC4B,
				41437E962D9640CDBC62DEB3,
				01D0C1DAAD940995CAC5D028,
				527747F92D71199B4AED9ECF,
				EA2360C0A989C22808618275,
				FDD6BB450D095C039FF15057,
				CB7D68DF0B3D8475D882D1C9,
				AD65730CE8F9C20E022ADC01,
				DCA8B4209B4FA1D729AD81BF,
				42746BCBA1D52BFE2030CECC,
				0C1883E0386F6EFC9FAD9D6D,
				E9DA008260A1C2FF7C481C88,
				5DF58D4641C58322C1AE8D20,
			);
			runOnlyForDeploymentPostprocessing = 0;
		};
/* End PBXSourcesBuildPhase section */

/* Begin PBXTargetDependency section */
		DC189F9792E3A43245E1E257 = {
			isa = PBXTargetDependency;
			target = 34483CEAEA970C667D38CBAA;
		};
/* End PBXTargetDependency section */

/* Begin XCBuildConfiguration section */
		1F311DD8D8054BD2FC2735C6 /* Release */ = {
			isa = XCBuildConfiguration;
			buildSettings = {
				"CODE_SIGN_IDENTITY[sdk=iphoneos*]" = "iPhone Developer";
				ALWAYS_SEARCH_USER_PATHS = NO;
				CLANG_ENABLE_OBJC_WEAK = YES;
				CLANG_WARN_BLOCK_CAPTURE_AUTORELEASING = YES;
				CLANG_WARN_BOOL_CONVERSION = YES;
				CLANG_WARN_COMMA = YES;
				CLANG_WARN_CONSTANT_CONVERSION = YES;
				CLANG_WARN_DEPRECATED_OBJC_IMPLEMENTATIONS = YES;
				CLANG_WARN_EMPTY_BODY = YES;
				CLANG_WARN_ENUM_CONVERSION = YES;
				CLANG_WARN_INFINITE_RECURSION = YES;
				CLANG_WARN_INT_CONVERSION = YES;
				CLANG_WARN_NON_LITERAL_NULL_CONVERSION = YES;
				CLANG_WARN_OBJC_IMPLICIT_RETAIN_SELF = YES;
				CLANG_WARN_OBJC_LITERAL_CONVERSION = YES;
				CLANG_WARN_RANGE_LOOP_ANALYSIS = YES;
				CLANG_WARN_STRICT_PROTOTYPES = YES;
				CLANG_WARN_SUSPICIOUS_MOVE = YES;
				CLANG_WARN_UNREACHABLE_CODE = YES;
				CLANG_WARN__DUPLICATE_METHOD_MATCH = YES;
				DEBUG_INFORMATION_FORMAT = dwarf;
				ENABLE_STRICT_OBJC_MSGSEND = YES;
				ENABLE_TESTABILITY = NO;
				GCC_C_LANGUAGE_STANDARD = c11;
				GCC_INLINES_ARE_PRIVATE_EXTERN = YES;
				GCC_MODEL_TUNING = G5;
				GCC_NO_COMMON_BLOCKS = YES;
				GCC_SYMBOLS_PRIVATE_EXTERN = YES;
				GCC_WARN_64_TO_32_BIT_CONVERSION = YES;
				GCC_WARN_ABOUT_RETURN_TYPE = YES;
				GCC_WARN_CHECK_SWITCH_STATEMENTS = YES;
				GCC_WARN_MISSING_PARENTHESES = YES;
				GCC_WARN_NON_VIRTUAL_DESTRUCTOR = YES;
				GCC_WARN_TYPECHECK_CALLS_TO_PRINTF = YES;
				GCC_WARN_UNDECLARED_SELECTOR = YES;
				GCC_WARN_UNINITIALIZED_AUTOS = YES;
				GCC_WARN_UNUSED_FUNCTION = YES;
				GCC_WARN_UNUSED_VARIABLE = YES;
				IPHONEOS_DEPLOYMENT_TARGET = 9.0;
				PRODUCT_NAME = "EPIANO";
				SDKROOT = iphoneos;
				TARGETED_DEVICE_FAMILY = "%TARGET_FAMILY%";
				WARNING_CFLAGS = "-Wreorder";
				ZERO_LINK = NO;
			};
			name = Release;
		};
		BBDE9B4EEF3DA60C0FEB1BF1 /* Release */ = {
			isa = XCBuildConfiguration;
			buildSettings = {
				"CODE_SIGN_IDENTITY[sdk=iphoneos*]" = "iPhone Developer";
				ASSETCATALOG_COMPILER_APPICON_NAME = AppIcon;
				CLANG_CXX_LANGUAGE_STANDARD = "c++17";
				CLANG_CXX_LIBRARY = "libc++";
				CLANG_LINK_OBJC_RUNTIME = NO;
				COMBINE_HIDPI_IMAGES = YES;
				CONFIGURATION_BUILD_DIR = "$(PROJECT_DIR)/build/$(CONFIGURATION)";
				DEAD_CODE_STRIPPING = YES;
				DEVELOPMENT_TEAM = %DEVELOPMENT_TEAM_ID%;
				GCC_GENERATE_DEBUGGING_SYMBOLS = NO;
				GCC_OPTIMIZATION_LEVEL = 3;
				GCC_PREPROCESSOR_DEFINITIONS = (
					"_NDEBUG=1",
					"NDEBUG=1",
					"JUCE_CONTENT_SHARING=1",
					"USE_IPP=0",
					"HISE_IOS=1",
					"JUCE_USE_CUSTOM_PLUGIN_STANDALONE_APP=1",
					"USE_VDSP_FFT=1",
					"JUCER_XCODE_IPHONE_5BC26AE3=1",
					"JUCE_APP_VERSION=1.0.0",
					"JUCE_APP_VERSION_HEX=0x10000",
					"JucePlugin_Build_VST=0",
					"JucePlugin_Build_VST3=0",
					"JucePlugin_Build_AU=0",
					"JucePlugin_Build_AUv3=0",
					"JucePlugin_Build_RTAS=0",
					"JucePlugin_Build_AAX=0",
					"JucePlugin_Build_Standalone=0",
					"JucePlugin_Build_Unity=0",
					"JUCE_SHARED_CODE=1",
				);
				GCC_VERSION = com.apple.compilers.llvm.clang.1_0;
				HEADER_SEARCH_PATHS = (
					"$(SRCROOT)/../../JuceLibraryCode",
					"D:/hise---snex-trewrite/HISE",
					"D:/hise---snex-trewrite/HISE/JUCE/modules",
					"D:/hise---snex-trewrite/HISE/JUCE/modules/juce_audio_plugin_client",
					"$(inherited)",
				);
				INSTALL_PATH = "@executable_path/Frameworks";
				LLVM_LTO = YES;
				MTL_HEADER_SEARCH_PATHS = "$(SRCROOT)/../../JuceLibraryCode D:/hise---snex-trewrite/HISE D:/hise---snex-trewrite/HISE/JUCE/modules D:/hise---snex-trewrite/HISE/JUCE/modules/juce_audio_plugin_client";
				OTHER_CFLAGS = "-Wno-reorder -Wno-inconsistent-missing-override -fno-aligned-allocation";
				OTHER_CPLUSPLUSFLAGS = "-Wno-reorder -Wno-inconsistent-missing-override -fno-aligned-allocation";
				OTHER_LDFLAGS = "%OSX_STATIC_LIBS%";
				PRODUCT_BUNDLE_IDENTIFIER = com.madeforlifemusic.epiano;
				PRODUCT_NAME = "EPIANO";
				PROVISIONING_PROFILE_SPECIFIER = "";
				SKIP_INSTALL = YES;
				USE_HEADERMAP = NO;
				VALIDATE_WORKSPACE_SKIPPED_SDK_FRAMEWORKS = OpenGLES;
			};
			name = Release;
		};
		BDDB0D0EEBCF689304161A6B /* Debug */ = {
			isa = XCBuildConfiguration;
			buildSettings = {
				"CODE_SIGN_IDENTITY[sdk=iphoneos*]" = "iPhone Developer";
				ALWAYS_SEARCH_USER_PATHS = NO;
				CLANG_ENABLE_OBJC_WEAK = YES;
				CLANG_WARN_BLOCK_CAPTURE_AUTORELEASING = YES;
				CLANG_WARN_BOOL_CONVERSION = YES;
				CLANG_WARN_COMMA = YES;
				CLANG_WARN_CONSTANT_CONVERSION = YES;
				CLANG_WARN_DEPRECATED_OBJC_IMPLEMENTATIONS = YES;
				CLANG_WARN_EMPTY_BODY = YES;
				CLANG_WARN_ENUM_CONVERSION = YES;
				CLANG_WARN_INFINITE_RECURSION = YES;
				CLANG_WARN_INT_CONVERSION = YES;
				CLANG_WARN_NON_LITERAL_NULL_CONVERSION = YES;
				CLANG_WARN_OBJC_IMPLICIT_RETAIN_SELF = YES;
				CLANG_WARN_OBJC_LITERAL_CONVERSION = YES;
				CLANG_WARN_RANGE_LOOP_ANALYSIS = YES;
				CLANG_WARN_STRICT_PROTOTYPES = YES;
				CLANG_WARN_SUSPICIOUS_MOVE = YES;
				CLANG_WARN_UNREACHABLE_CODE = YES;
				CLANG_WARN__DUPLICATE_METHOD_MATCH = YES;
				DEBUG_INFORMATION_FORMAT = dwarf;
				ENABLE_STRICT_OBJC_MSGSEND = YES;
				ENABLE_TESTABILITY = NO;
				GCC_C_LANGUAGE_STANDARD = c11;
				GCC_INLINES_ARE_PRIVATE_EXTERN = YES;
				GCC_MODEL_TUNING = G5;
				GCC_NO_COMMON_BLOCKS = YES;
				GCC_SYMBOLS_PRIVATE_EXTERN = YES;
				GCC_WARN_64_TO_32_BIT_CONVERSION = YES;
				GCC_WARN_ABOUT_RETURN_TYPE = YES;
				GCC_WARN_CHECK_SWITCH_STATEMENTS = YES;
				GCC_WARN_MISSING_PARENTHESES = YES;
				GCC_WARN_NON_VIRTUAL_DESTRUCTOR = YES;
				GCC_WARN_TYPECHECK_CALLS_TO_PRINTF = YES;
				GCC_WARN_UNDECLARED_SELECTOR = YES;
				GCC_WARN_UNINITIALIZED_AUTOS = YES;
				GCC_WARN_UNUSED_FUNCTION = YES;
				GCC_WARN_UNUSED_VARIABLE = YES;
				IPHONEOS_DEPLOYMENT_TARGET = 9.0;
				ONLY_ACTIVE_ARCH = YES;
				PRODUCT_NAME = "EPIANO_Debug";
				SDKROOT = iphoneos;
				TARGETED_DEVICE_FAMILY = "%TARGET_FAMILY%";
				WARNING_CFLAGS = "-Wreorder";
				ZERO_LINK = NO;
			};
			name = Debug;
		};
		C1201008AEDA09C0A6C79E64 /* Debug */ = {
			isa = XCBuildConfiguration;
			buildSettings = {
				"CODE_SIGN_IDENTITY[sdk=iphoneos*]" = "iPhone Developer";
				ASSETCATALOG_COMPILER_APPICON_NAME = AppIcon;
				CLANG_CXX_LANGUAGE_STANDARD = "c++17";
				CLANG_CXX_LIBRARY = "libc++";
				CLANG_LINK_OBJC_RUNTIME = NO;
				COMBINE_HIDPI_IMAGES = YES;
				CONFIGURATION_BUILD_DIR = "$(PROJECT_DIR)/build/$(CONFIGURATION)";
				COPY_PHASE_STRIP = NO;
				DEVELOPMENT_TEAM = %DEVELOPMENT_TEAM_ID%;
				GCC_DYNAMIC_NO_PIC = NO;
				GCC_OPTIMIZATION_LEVEL = 0;
				GCC_PREPROCESSOR_DEFINITIONS = (
					"_DEBUG=1",
					"DEBUG=1",
					"JUCE_CONTENT_SHARING=1",
					"USE_IPP=0",
					"HISE_IOS=1",
					"JUCE_USE_CUSTOM_PLUGIN_STANDALONE_APP=1",
					"USE_VDSP_FFT=1",
					"JUCER_XCODE_IPHONE_5BC26AE3=1",
					"JUCE_APP_VERSION=1.0.0",
					"JUCE_APP_VERSION_HEX=0x10000",
					"JucePlugin_Build_VST=0",
					"JucePlugin_Build_VST3=0",
					"JucePlugin_Build_AU=0",
					"JucePlugin_Build_AUv3=0",
					"JucePlugin_Build_RTAS=0",
					"JucePlugin_Build_AAX=0",
					"JucePlugin_Build_Standalone=0",
					"JucePlugin_Build_Unity=0",
					"JUCE_SHARED_CODE=1",
				);
				GCC_VERSION = com.apple.compilers.llvm.clang.1_0;
				HEADER_SEARCH_PATHS = (
					"$(SRCROOT)/../../JuceLibraryCode",
					"D:/hise---snex-trewrite/HISE",
					"D:/hise---snex-trewrite/HISE/JUCE/modules",
					"D:/hise---snex-trewrite/HISE/JUCE/modules/juce_audio_plugin_client",
					"$(inherited)",
				);
				INSTALL_PATH = "@executable_path/Frameworks";
				MTL_HEADER_SEARCH_PATHS = "$(SRCROOT)/../../JuceLibraryCode D:/hise---snex-trewrite/HISE D:/hise---snex-trewrite/HISE/JUCE/modules D:/hise---snex-trewrite/HISE/JUCE/modules/juce_audio_plugin_client";
				OTHER_CFLAGS = "-Wno-reorder -Wno-inconsistent-missing-override -fno-aligned-allocation";
				OTHER_CPLUSPLUSFLAGS = "-Wno-reorder -Wno-inconsistent-missing-override -fno-aligned-allocation";
				OTHER_LDFLAGS = "%OSX_STATIC_LIBS%";
				PRODUCT_BUNDLE_IDENTIFIER = com.madeforlifemusic.epiano;
				PRODUCT_NAME = "EPIANO_Debug";
				PROVISIONING_PROFILE_SPECIFIER = "";
				SKIP_INSTALL = YES;
				USE_HEADERMAP = NO;
				VALIDATE_WORKSPACE_SKIPPED_SDK_FRAMEWORKS = OpenGLES;
			};
			name = Debug;
		};
		D40B2D7BEAE213399F3D3782 /* Debug */ = {
			isa = XCBuildConfiguration;
			buildSettings = {
				"CODE_SIGN_IDENTITY[sdk=iphoneos*]" = "iPhone Developer";
				ASSETCATALOG_COMPILER_APPICON_NAME = AppIcon;
				CLANG_CXX_LANGUAGE_STANDARD = "c++17";
				CLANG_CXX_LIBRARY = "libc++";
				CLANG_LINK_OBJC_RUNTIME = NO;
				COMBINE_HIDPI_IMAGES = YES;
				CONFIGURATION_BUILD_DIR = "$(PROJECT_DIR)/build/$(CONFIGURATION)";
				COPY_PHASE_STRIP = NO;
				DEVELOPMENT_TEAM = %DEVELOPMENT_TEAM_ID%;
				GCC_DYNAMIC_NO_PIC = NO;
				GCC_OPTIMIZATION_LEVEL = 0;
				GCC_PREPROCESSOR_DEFINITIONS = (
					"_DEBUG=1",
					"DEBUG=1",
					"JUCE_CONTENT_SHARING=1",
					"USE_IPP=0",
					"HISE_IOS=1",
					"JUCE_USE_CUSTOM_PLUGIN_STANDALONE_APP=1",
					"USE_VDSP_FFT=1",
					"JUCER_XCODE_IPHONE_5BC26AE3=1",
					"JUCE_APP_VERSION=1.0.0",
					"JUCE_APP_VERSION_HEX=0x10000",
					"JucePlugin_Build_VST=0",
					"JucePlugin_Build_VST3=0",
					"JucePlugin_Build_AU=0",
					"JucePlugin_Build_AUv3=0",
					"JucePlugin_Build_RTAS=0",
					"JucePlugin_Build_AAX=0",
					"JucePlugin_Build_Standalone=0",
					"JucePlugin_Build_Unity=0",
				);
				GCC_VERSION = com.apple.compilers.llvm.clang.1_0;
				HEADER_SEARCH_PATHS = (
					"$(SRCROOT)/../../JuceLibraryCode",
					"D:/hise---snex-trewrite/HISE",
					"D:/hise---snex-trewrite/HISE/JUCE/modules",
					"D:/hise---snex-trewrite/HISE/JUCE/modules/juce_audio_plugin_client",
					"$(inherited)",
				);
				MTL_HEADER_SEARCH_PATHS = "$(SRCROOT)/../../JuceLibraryCode D:/hise---snex-trewrite/HISE D:/hise---snex-trewrite/HISE/JUCE/modules D:/hise---snex-trewrite/HISE/JUCE/modules/juce_audio_plugin_client";
				OTHER_CFLAGS = "-Wno-reorder -Wno-inconsistent-missing-override -fno-aligned-allocation";
				OTHER_CPLUSPLUSFLAGS = "-Wno-reorder -Wno-inconsistent-missing-override -fno-aligned-allocation";
				OTHER_LDFLAGS = "-lEPIANO_Debug %OSX_STATIC_LIBS%";
				PRODUCT_BUNDLE_IDENTIFIER = com.madeforlifemusic.epiano;
				PRODUCT_NAME = "EPIANO_Debug";
				PROVISIONING_PROFILE_SPECIFIER = "";
				USE_HEADERMAP = NO;
				VALIDATE_WORKSPACE_SKIPPED_SDK_FRAMEWORKS = OpenGLES;
			};
			name = Debug;
		};
		E3B73692F3470192ED63A877 /* Release */ = {
			isa = XCBuildConfiguration;
			buildSettings = {
				"CODE_SIGN_IDENTITY[sdk=iphoneos*]" = "iPhone Developer";
				ASSETCATALOG_COMPILER_APPICON_NAME = AppIcon;
				CLANG_CXX_LANGUAGE_STANDARD = "c++17";
				CLANG_CXX_LIBRARY = "libc++";
				CLANG_LINK_OBJC_RUNTIME = NO;
				COMBINE_HIDPI_IMAGES = YES;
				CONFIGURATION_BUILD_DIR = "$(PROJECT_DIR)/build/$(CONFIGURATION)";
				DEAD_CODE_STRIPPING = YES;
				DEVELOPMENT_TEAM = %DEVELOPMENT_TEAM_ID%;
				GCC_GENERATE_DEBUGGING_SYMBOLS = NO;
				GCC_OPTIMIZATION_LEVEL = 3;
				GCC_PREPROCESSOR_DEFINITIONS = (
					"_NDEBUG=1",
					"NDEBUG=1",
					"JUCE_CONTENT_SHARING=1",
					"USE_IPP=0",
					"HISE_IOS=1",
					"JUCE_USE_CUSTOM_PLUGIN_STANDALONE_APP=1",
					"USE_VDSP_FFT=1",
					"JUCER_XCODE_IPHONE_5BC26AE3=1",
					"JUCE_APP_VERSION=1.0.0",
					"JUCE_APP_VERSION_HEX=0x10000",
					"JucePlugin_Build_VST=0",
					"JucePlugin_Build_VST3=0",
					"JucePlugin_Build_AU=0",
					"JucePlugin_Build_AUv3=0",
					"JucePlugin_Build_RTAS=0",
					"JucePlugin_Build_AAX=0",
					"JucePlugin_Build_Standalone=0",
					"JucePlugin_Build_Unity=0",
				);
				GCC_VERSION = com.apple.compilers.llvm.clang.1_0;
				HEADER_SEARCH_PATHS = (
					"$(SRCROOT)/../../JuceLibraryCode",
					"D:/hise---snex-trewrite/HISE",
					"D:/hise---snex-trewrite/HISE/JUCE/modules",
					"D:/hise---snex-trewrite/HISE/JUCE/modules/juce_audio_plugin_client",
					"$(inherited)",
				);
				LLVM_LTO = YES;
				MTL_HEADER_SEARCH_PATHS = "$(SRCROOT)/../../JuceLibraryCode D:/hise---snex-trewrite/HISE D:/hise---snex-trewrite/HISE/JUCE/modules D:/hise---snex-trewrite/HISE/JUCE/modules/juce_audio_plugin_client";
				OTHER_CFLAGS = "-Wno-reorder -Wno-inconsistent-missing-override -fno-aligned-allocation";
				OTHER_CPLUSPLUSFLAGS = "-Wno-reorder -Wno-inconsistent-missing-override -fno-aligned-allocation";
				OTHER_LDFLAGS = "-lEPIANO %OSX_STATIC_LIBS%";
				PRODUCT_BUNDLE_IDENTIFIER = com.madeforlifemusic.epiano;
				PRODUCT_NAME = "EPIANO";
				PROVISIONING_PROFILE_SPECIFIER = "";
				USE_HEADERMAP = NO;
				VALIDATE_WORKSPACE_SKIPPED_SDK_FRAMEWORKS = OpenGLES;
			};
			name = Release;
		};
/* End XCBuildConfiguration section */

/* Begin XCConfigurationList section */
		15F77A047DA259D807725C53 = {
			isa = XCConfigurationList;
			buildConfigurations = (
				C1201008AEDA09C0A6C79E64,
				BBDE9B4EEF3DA60C0FEB1BF1,
			);
			defaultConfigurationIsVisible = 0;
			defaultConfigurationName = Debug;
		};
		4009FECAD644078A2AD3A229 = {
			isa = XCConfigurationList;
			buildConfigurations = (
				D40B2D7BEAE213399F3D3782,
				E3B73692F3470192ED63A877,
			);
			defaultConfigurationIsVisible = 0;
			defaultConfigurationName = Debug;
		};
		691F5EF646304FF2A1E74EDF = {
			isa = XCConfigurationList;
			buildConfigurations = (
				1F311DD8D8054BD2FC2735C6,
				BDDB0D0EEBCF689304161A6B,
			);
			defaultConfigurationIsVisible = 0;
			defaultConfigurationName = Debug;
		};
/* End XCConfigurationList section */
	};
	rootObject = 963BFB89024DF9252AA0DD85 /* Project object */;
}
